{
  "version": 4,
  "terraform_version": "0.12.9",
  "serial": 527,
  "lineage": "4a60ab5f-8bc3-2858-13ee-e5774e2a32a3",
  "outputs": {},
  "resources": [
    {
      "module": "module.eks",
      "mode": "data",
      "type": "aws_ami",
      "name": "eks_worker",
      "provider": "provider.aws",
      "instances": [
        {
          "schema_version": 0,
          "attributes": {
            "architecture": "x86_64",
            "block_device_mappings": [
              {
                "device_name": "/dev/xvda",
                "ebs": {
                  "delete_on_termination": "true",
                  "encrypted": "false",
                  "iops": "0",
                  "snapshot_id": "snap-054150b2e19365c27",
                  "volume_size": "20",
                  "volume_type": "gp2"
                },
                "no_device": "",
                "virtual_name": ""
              }
            ],
            "creation_date": "2019-09-28T10:32:17.000Z",
            "description": "EKS Kubernetes Worker AMI with AmazonLinux2 image, (k8s: 1.14.7, docker:18.06)",
            "executable_users": null,
            "filter": [
              {
                "name": "name",
                "values": [
                  "amazon-eks-node-1.14-v*"
                ]
              }
            ],
            "hypervisor": "xen",
            "id": "ami-082bdeda2726e4fff",
            "image_id": "ami-082bdeda2726e4fff",
            "image_location": "amazon/amazon-eks-node-1.14-v20190927",
            "image_owner_alias": "amazon",
            "image_type": "machine",
            "kernel_id": null,
            "most_recent": true,
            "name": "amazon-eks-node-1.14-v20190927",
            "name_regex": null,
            "owner_id": "602401143452",
            "owners": [
              "602401143452"
            ],
            "platform": null,
            "product_codes": [],
            "public": true,
            "ramdisk_id": null,
            "root_device_name": "/dev/xvda",
            "root_device_type": "ebs",
            "root_snapshot_id": "snap-054150b2e19365c27",
            "sriov_net_support": "simple",
            "state": "available",
            "state_reason": {
              "code": "UNSET",
              "message": "UNSET"
            },
            "tags": {},
            "virtualization_type": "hvm"
          }
        }
      ]
    },
    {
      "mode": "data",
      "type": "aws_availability_zones",
      "name": "available",
      "provider": "provider.aws",
      "instances": [
        {
          "schema_version": 0,
          "attributes": {
            "blacklisted_names": null,
            "blacklisted_zone_ids": null,
            "id": "2019-10-13 23:48:54.301927 +0000 UTC",
            "names": [
              "ap-southeast-2a",
              "ap-southeast-2b",
              "ap-southeast-2c"
            ],
            "state": "available",
            "zone_ids": [
              "apse2-az1",
              "apse2-az3",
              "apse2-az2"
            ]
          }
        }
      ]
    },
    {
      "module": "module.eks",
      "mode": "data",
      "type": "aws_caller_identity",
      "name": "current",
      "provider": "provider.aws",
      "instances": [
        {
          "schema_version": 0,
          "attributes": {
            "account_id": "287139315271",
            "arn": "arn:aws:iam::287139315271:root",
            "id": "2019-10-13 23:48:55.131839 +0000 UTC",
            "user_id": "287139315271"
          }
        }
      ]
    },
    {
      "mode": "data",
      "type": "aws_eks_cluster_auth",
      "name": "main",
      "provider": "provider.aws",
      "instances": [
        {
          "schema_version": 0,
          "attributes": {
            "id": "2019-10-13 23:48:58.665309 +0000 UTC",
            "name": "main",
            "token": "k8s-aws-v1.aHR0cHM6Ly9zdHMuYW1hem9uYXdzLmNvbS8_QWN0aW9uPUdldENhbGxlcklkZW50aXR5JlZlcnNpb249MjAxMS0wNi0xNSZYLUFtei1BbGdvcml0aG09QVdTNC1ITUFDLVNIQTI1NiZYLUFtei1DcmVkZW50aWFsPUFLSUFJWkJZNFBYVzJUUVU3M0pBJTJGMjAxOTEwMTMlMkZ1cy1lYXN0LTElMkZzdHMlMkZhd3M0X3JlcXVlc3QmWC1BbXotRGF0ZT0yMDE5MTAxM1QyMzQ4NThaJlgtQW16LUV4cGlyZXM9MCZYLUFtei1TaWduZWRIZWFkZXJzPWhvc3QlM0J4LWs4cy1hd3MtaWQmWC1BbXotU2lnbmF0dXJlPTNkYTlkODY5ZTY4OGQ1YjQzMzhkZDExMjhlZmMxNzhjNzNmODUxNTljYjc3OTVkYmJiMTk1MjljZDQzMmMyMTY"
          },
          "depends_on": [
            "module.eks"
          ]
        }
      ]
    },
    {
      "module": "module.eks",
      "mode": "data",
      "type": "aws_iam_instance_profile",
      "name": "custom_worker_group_iam_instance_profile",
      "each": "list",
      "provider": "provider.aws",
      "instances": []
    },
    {
      "module": "module.eks",
      "mode": "data",
      "type": "aws_iam_instance_profile",
      "name": "custom_worker_group_launch_template_iam_instance_profile",
      "each": "list",
      "provider": "provider.aws",
      "instances": []
    },
    {
      "module": "module.eks",
      "mode": "data",
      "type": "aws_iam_policy_document",
      "name": "cluster_assume_role_policy",
      "provider": "provider.aws",
      "instances": [
        {
          "schema_version": 0,
          "attributes": {
            "id": "2764486067",
            "json": "{\n  \"Version\": \"2012-10-17\",\n  \"Statement\": [\n    {\n      \"Sid\": \"EKSClusterAssumeRole\",\n      \"Effect\": \"Allow\",\n      \"Action\": \"sts:AssumeRole\",\n      \"Principal\": {\n        \"Service\": \"eks.amazonaws.com\"\n      }\n    }\n  ]\n}",
            "override_json": null,
            "policy_id": null,
            "source_json": null,
            "statement": [
              {
                "actions": [
                  "sts:AssumeRole"
                ],
                "condition": [],
                "effect": "Allow",
                "not_actions": [],
                "not_principals": [],
                "not_resources": [],
                "principals": [
                  {
                    "identifiers": [
                      "eks.amazonaws.com"
                    ],
                    "type": "Service"
                  }
                ],
                "resources": [],
                "sid": "EKSClusterAssumeRole"
              }
            ],
            "version": "2012-10-17"
          }
        }
      ]
    },
    {
      "module": "module.eks",
      "mode": "data",
      "type": "aws_iam_policy_document",
      "name": "worker_autoscaling",
      "provider": "provider.aws",
      "instances": [
        {
          "schema_version": 0,
          "attributes": {
            "id": "4125346187",
            "json": "{\n  \"Version\": \"2012-10-17\",\n  \"Statement\": [\n    {\n      \"Sid\": \"eksWorkerAutoscalingAll\",\n      \"Effect\": \"Allow\",\n      \"Action\": [\n        \"ec2:DescribeLaunchTemplateVersions\",\n        \"autoscaling:DescribeTags\",\n        \"autoscaling:DescribeLaunchConfigurations\",\n        \"autoscaling:DescribeAutoScalingInstances\",\n        \"autoscaling:DescribeAutoScalingGroups\"\n      ],\n      \"Resource\": \"*\"\n    },\n    {\n      \"Sid\": \"eksWorkerAutoscalingOwn\",\n      \"Effect\": \"Allow\",\n      \"Action\": [\n        \"autoscaling:UpdateAutoScalingGroup\",\n        \"autoscaling:TerminateInstanceInAutoScalingGroup\",\n        \"autoscaling:SetDesiredCapacity\"\n      ],\n      \"Resource\": \"*\",\n      \"Condition\": {\n        \"StringEquals\": {\n          \"autoscaling:ResourceTag/k8s.io/cluster-autoscaler/enabled\": \"true\",\n          \"autoscaling:ResourceTag/kubernetes.io/cluster/main\": \"owned\"\n        }\n      }\n    }\n  ]\n}",
            "override_json": null,
            "policy_id": null,
            "source_json": null,
            "statement": [
              {
                "actions": [
                  "autoscaling:DescribeAutoScalingGroups",
                  "autoscaling:DescribeAutoScalingInstances",
                  "autoscaling:DescribeLaunchConfigurations",
                  "autoscaling:DescribeTags",
                  "ec2:DescribeLaunchTemplateVersions"
                ],
                "condition": [],
                "effect": "Allow",
                "not_actions": [],
                "not_principals": [],
                "not_resources": [],
                "principals": [],
                "resources": [
                  "*"
                ],
                "sid": "eksWorkerAutoscalingAll"
              },
              {
                "actions": [
                  "autoscaling:SetDesiredCapacity",
                  "autoscaling:TerminateInstanceInAutoScalingGroup",
                  "autoscaling:UpdateAutoScalingGroup"
                ],
                "condition": [
                  {
                    "test": "StringEquals",
                    "values": [
                      "owned"
                    ],
                    "variable": "autoscaling:ResourceTag/kubernetes.io/cluster/main"
                  },
                  {
                    "test": "StringEquals",
                    "values": [
                      "true"
                    ],
                    "variable": "autoscaling:ResourceTag/k8s.io/cluster-autoscaler/enabled"
                  }
                ],
                "effect": "Allow",
                "not_actions": [],
                "not_principals": [],
                "not_resources": [],
                "principals": [],
                "resources": [
                  "*"
                ],
                "sid": "eksWorkerAutoscalingOwn"
              }
            ],
            "version": "2012-10-17"
          },
          "depends_on": [
            "aws_eks_cluster.this"
          ]
        }
      ]
    },
    {
      "module": "module.eks",
      "mode": "data",
      "type": "aws_iam_policy_document",
      "name": "workers_assume_role_policy",
      "provider": "provider.aws",
      "instances": [
        {
          "schema_version": 0,
          "attributes": {
            "id": "3778018924",
            "json": "{\n  \"Version\": \"2012-10-17\",\n  \"Statement\": [\n    {\n      \"Sid\": \"EKSWorkerAssumeRole\",\n      \"Effect\": \"Allow\",\n      \"Action\": \"sts:AssumeRole\",\n      \"Principal\": {\n        \"Service\": \"ec2.amazonaws.com\"\n      }\n    }\n  ]\n}",
            "override_json": null,
            "policy_id": null,
            "source_json": null,
            "statement": [
              {
                "actions": [
                  "sts:AssumeRole"
                ],
                "condition": [],
                "effect": "Allow",
                "not_actions": [],
                "not_principals": [],
                "not_resources": [],
                "principals": [
                  {
                    "identifiers": [
                      "ec2.amazonaws.com"
                    ],
                    "type": "Service"
                  }
                ],
                "resources": [],
                "sid": "EKSWorkerAssumeRole"
              }
            ],
            "version": "2012-10-17"
          }
        }
      ]
    },
    {
      "module": "module.eks",
      "mode": "data",
      "type": "aws_iam_role",
      "name": "custom_cluster_iam_role",
      "each": "list",
      "provider": "provider.aws",
      "instances": []
    },
    {
      "module": "module.eks",
      "mode": "data",
      "type": "aws_region",
      "name": "current",
      "provider": "provider.aws",
      "instances": [
        {
          "schema_version": 0,
          "attributes": {
            "current": null,
            "description": "Asia Pacific (Sydney)",
            "endpoint": "ec2.ap-southeast-2.amazonaws.com",
            "id": "ap-southeast-2",
            "name": "ap-southeast-2"
          }
        }
      ]
    },
    {
      "module": "module.vpc",
      "mode": "data",
      "type": "aws_vpc_endpoint_service",
      "name": "apigw",
      "each": "list",
      "provider": "provider.aws",
      "instances": []
    },
    {
      "module": "module.vpc",
      "mode": "data",
      "type": "aws_vpc_endpoint_service",
      "name": "appmesh_envoy_management",
      "each": "list",
      "provider": "provider.aws",
      "instances": []
    },
    {
      "module": "module.vpc",
      "mode": "data",
      "type": "aws_vpc_endpoint_service",
      "name": "appstream",
      "each": "list",
      "provider": "provider.aws",
      "instances": []
    },
    {
      "module": "module.vpc",
      "mode": "data",
      "type": "aws_vpc_endpoint_service",
      "name": "athena",
      "each": "list",
      "provider": "provider.aws",
      "instances": []
    },
    {
      "module": "module.vpc",
      "mode": "data",
      "type": "aws_vpc_endpoint_service",
      "name": "cloudformation",
      "each": "list",
      "provider": "provider.aws",
      "instances": []
    },
    {
      "module": "module.vpc",
      "mode": "data",
      "type": "aws_vpc_endpoint_service",
      "name": "cloudtrail",
      "each": "list",
      "provider": "provider.aws",
      "instances": []
    },
    {
      "module": "module.vpc",
      "mode": "data",
      "type": "aws_vpc_endpoint_service",
      "name": "codebuild",
      "each": "list",
      "provider": "provider.aws",
      "instances": []
    },
    {
      "module": "module.vpc",
      "mode": "data",
      "type": "aws_vpc_endpoint_service",
      "name": "codecommit",
      "each": "list",
      "provider": "provider.aws",
      "instances": []
    },
    {
      "module": "module.vpc",
      "mode": "data",
      "type": "aws_vpc_endpoint_service",
      "name": "codepipeline",
      "each": "list",
      "provider": "provider.aws",
      "instances": []
    },
    {
      "module": "module.vpc",
      "mode": "data",
      "type": "aws_vpc_endpoint_service",
      "name": "config",
      "each": "list",
      "provider": "provider.aws",
      "instances": []
    },
    {
      "module": "module.vpc",
      "mode": "data",
      "type": "aws_vpc_endpoint_service",
      "name": "dynamodb",
      "each": "list",
      "provider": "provider.aws",
      "instances": []
    },
    {
      "module": "module.vpc",
      "mode": "data",
      "type": "aws_vpc_endpoint_service",
      "name": "ec2",
      "each": "list",
      "provider": "provider.aws",
      "instances": []
    },
    {
      "module": "module.vpc",
      "mode": "data",
      "type": "aws_vpc_endpoint_service",
      "name": "ec2messages",
      "each": "list",
      "provider": "provider.aws",
      "instances": []
    },
    {
      "module": "module.vpc",
      "mode": "data",
      "type": "aws_vpc_endpoint_service",
      "name": "ecr_api",
      "each": "list",
      "provider": "provider.aws",
      "instances": []
    },
    {
      "module": "module.vpc",
      "mode": "data",
      "type": "aws_vpc_endpoint_service",
      "name": "ecr_dkr",
      "each": "list",
      "provider": "provider.aws",
      "instances": []
    },
    {
      "module": "module.vpc",
      "mode": "data",
      "type": "aws_vpc_endpoint_service",
      "name": "ecs",
      "each": "list",
      "provider": "provider.aws",
      "instances": []
    },
    {
      "module": "module.vpc",
      "mode": "data",
      "type": "aws_vpc_endpoint_service",
      "name": "ecs_agent",
      "each": "list",
      "provider": "provider.aws",
      "instances": []
    },
    {
      "module": "module.vpc",
      "mode": "data",
      "type": "aws_vpc_endpoint_service",
      "name": "ecs_telemetry",
      "each": "list",
      "provider": "provider.aws",
      "instances": []
    },
    {
      "module": "module.vpc",
      "mode": "data",
      "type": "aws_vpc_endpoint_service",
      "name": "elasticloadbalancing",
      "each": "list",
      "provider": "provider.aws",
      "instances": []
    },
    {
      "module": "module.vpc",
      "mode": "data",
      "type": "aws_vpc_endpoint_service",
      "name": "events",
      "each": "list",
      "provider": "provider.aws",
      "instances": []
    },
    {
      "module": "module.vpc",
      "mode": "data",
      "type": "aws_vpc_endpoint_service",
      "name": "git_codecommit",
      "each": "list",
      "provider": "provider.aws",
      "instances": []
    },
    {
      "module": "module.vpc",
      "mode": "data",
      "type": "aws_vpc_endpoint_service",
      "name": "glue",
      "each": "list",
      "provider": "provider.aws",
      "instances": []
    },
    {
      "module": "module.vpc",
      "mode": "data",
      "type": "aws_vpc_endpoint_service",
      "name": "kinesis_firehose",
      "each": "list",
      "provider": "provider.aws",
      "instances": []
    },
    {
      "module": "module.vpc",
      "mode": "data",
      "type": "aws_vpc_endpoint_service",
      "name": "kinesis_streams",
      "each": "list",
      "provider": "provider.aws",
      "instances": []
    },
    {
      "module": "module.vpc",
      "mode": "data",
      "type": "aws_vpc_endpoint_service",
      "name": "kms",
      "each": "list",
      "provider": "provider.aws",
      "instances": []
    },
    {
      "module": "module.vpc",
      "mode": "data",
      "type": "aws_vpc_endpoint_service",
      "name": "logs",
      "each": "list",
      "provider": "provider.aws",
      "instances": []
    },
    {
      "module": "module.vpc",
      "mode": "data",
      "type": "aws_vpc_endpoint_service",
      "name": "monitoring",
      "each": "list",
      "provider": "provider.aws",
      "instances": []
    },
    {
      "module": "module.vpc",
      "mode": "data",
      "type": "aws_vpc_endpoint_service",
      "name": "rekognition",
      "each": "list",
      "provider": "provider.aws",
      "instances": []
    },
    {
      "module": "module.vpc",
      "mode": "data",
      "type": "aws_vpc_endpoint_service",
      "name": "s3",
      "each": "list",
      "provider": "provider.aws",
      "instances": []
    },
    {
      "module": "module.vpc",
      "mode": "data",
      "type": "aws_vpc_endpoint_service",
      "name": "sagemaker_api",
      "each": "list",
      "provider": "provider.aws",
      "instances": []
    },
    {
      "module": "module.vpc",
      "mode": "data",
      "type": "aws_vpc_endpoint_service",
      "name": "sagemaker_notebook",
      "each": "list",
      "provider": "provider.aws",
      "instances": []
    },
    {
      "module": "module.vpc",
      "mode": "data",
      "type": "aws_vpc_endpoint_service",
      "name": "sagemaker_runtime",
      "each": "list",
      "provider": "provider.aws",
      "instances": []
    },
    {
      "module": "module.vpc",
      "mode": "data",
      "type": "aws_vpc_endpoint_service",
      "name": "secretsmanager",
      "each": "list",
      "provider": "provider.aws",
      "instances": []
    },
    {
      "module": "module.vpc",
      "mode": "data",
      "type": "aws_vpc_endpoint_service",
      "name": "servicecatalog",
      "each": "list",
      "provider": "provider.aws",
      "instances": []
    },
    {
      "module": "module.vpc",
      "mode": "data",
      "type": "aws_vpc_endpoint_service",
      "name": "sns",
      "each": "list",
      "provider": "provider.aws",
      "instances": []
    },
    {
      "module": "module.vpc",
      "mode": "data",
      "type": "aws_vpc_endpoint_service",
      "name": "sqs",
      "each": "list",
      "provider": "provider.aws",
      "instances": []
    },
    {
      "module": "module.vpc",
      "mode": "data",
      "type": "aws_vpc_endpoint_service",
      "name": "ssm",
      "each": "list",
      "provider": "provider.aws",
      "instances": []
    },
    {
      "module": "module.vpc",
      "mode": "data",
      "type": "aws_vpc_endpoint_service",
      "name": "ssmmessages",
      "each": "list",
      "provider": "provider.aws",
      "instances": []
    },
    {
      "module": "module.vpc",
      "mode": "data",
      "type": "aws_vpc_endpoint_service",
      "name": "storagegateway",
      "each": "list",
      "provider": "provider.aws",
      "instances": []
    },
    {
      "module": "module.vpc",
      "mode": "data",
      "type": "aws_vpc_endpoint_service",
      "name": "sts",
      "each": "list",
      "provider": "provider.aws",
      "instances": []
    },
    {
      "module": "module.vpc",
      "mode": "data",
      "type": "aws_vpc_endpoint_service",
      "name": "transfer",
      "each": "list",
      "provider": "provider.aws",
      "instances": []
    },
    {
      "module": "module.vpc",
      "mode": "data",
      "type": "aws_vpc_endpoint_service",
      "name": "transferserver",
      "each": "list",
      "provider": "provider.aws",
      "instances": []
    },
    {
      "module": "module.eks",
      "mode": "data",
      "type": "template_file",
      "name": "aws_authenticator_env_variables",
      "each": "list",
      "provider": "provider.template",
      "instances": [
        {
          "index_key": 0,
          "schema_version": 0,
          "attributes": {
            "filename": null,
            "id": "f538d67c4735c2f5bc6ea8dbf8414591541ced9502d7403ed438b457692ddecb",
            "rendered": "        - name: AWS_PROFILE\n          value: personal\n",
            "template": "        - name: ${key}\n          value: ${value}\n",
            "vars": {
              "key": "AWS_PROFILE",
              "value": "personal"
            }
          }
        }
      ]
    },
    {
      "module": "module.eks",
      "mode": "data",
      "type": "template_file",
      "name": "config_map_aws_auth",
      "provider": "provider.template",
      "instances": [
        {
          "schema_version": 0,
          "attributes": {
            "filename": null,
            "id": "0c9ef93a4727d9f4297e4eb140f905154344db95c693cd7c0e7b7a10f6b2be88",
            "rendered": "apiVersion: v1\nkind: ConfigMap\nmetadata:\n  name: aws-auth\n  namespace: kube-system\ndata:\n  mapRoles: |\n    - rolearn: arn:aws:iam::287139315271:role/main20191013234709001500000001\n      username: system:node:{{EC2PrivateDNSName}}\n      groups:\n        - system:bootstrappers\n        - system:nodes\n\n  \n  \n  \n",
            "template": "apiVersion: v1\nkind: ConfigMap\nmetadata:\n  name: aws-auth\n  namespace: kube-system\ndata:\n  mapRoles: |\n${worker_role_arn}\n  %{if chomp(map_roles) != \"[]\" }\n    ${indent(4, map_roles)}\n  %{ endif }\n  %{if chomp(map_users) != \"[]\" }\n  mapUsers: |\n    ${indent(4, map_users)}\n  %{ endif }\n  %{if chomp(map_accounts) != \"[]\" }\n  mapAccounts: |\n    ${indent(4, map_accounts)}\n  %{ endif }\n",
            "vars": {
              "map_accounts": "[]\n",
              "map_roles": "[]\n",
              "map_users": "[]\n",
              "worker_role_arn": "    - rolearn: arn:aws:iam::287139315271:role/main20191013234709001500000001\n      username: system:node:{{EC2PrivateDNSName}}\n      groups:\n        - system:bootstrappers\n        - system:nodes\n"
            }
          },
          "depends_on": [
            "data.template_file.launch_template_worker_role_arns",
            "data.template_file.worker_role_arns"
          ]
        }
      ]
    },
    {
      "module": "module.eks",
      "mode": "data",
      "type": "template_file",
      "name": "kubeconfig",
      "provider": "provider.template",
      "instances": [
        {
          "schema_version": 0,
          "attributes": {
            "filename": null,
            "id": "c01c0b56e7086d205163b1761eccd82bc879be9a81daccb4b03becc24a26d866",
            "rendered": "apiVersion: v1\npreferences: {}\nkind: Config\n\nclusters:\n- cluster:\n    server: https://188EEE49BF15AB446E50268EE98A7217.sk1.ap-southeast-2.eks.amazonaws.com\n    certificate-authority-data: LS0tLS1CRUdJTiBDRVJUSUZJQ0FURS0tLS0tCk1JSUN5RENDQWJDZ0F3SUJBZ0lCQURBTkJna3Foa2lHOXcwQkFRc0ZBREFWTVJNd0VRWURWUVFERXdwcmRXSmwKY201bGRHVnpNQjRYRFRFNU1UQXhNekl6TkRNME1sb1hEVEk1TVRBeE1ESXpORE0wTWxvd0ZURVRNQkVHQTFVRQpBeE1LYTNWaVpYSnVaWFJsY3pDQ0FTSXdEUVlKS29aSWh2Y05BUUVCQlFBRGdnRVBBRENDQVFvQ2dnRUJBTkJFCk9JZUpLVTVWZWdUeGIrayt5cGtZcWtaZUUvQlp0eFczQUNRWERNam5wSDZGS283NTZuS3pUaVc5dXZiSnZyb2sKZDczRitsSFFyMjdWdXdTa0xZMHNsdkpDWWJoTmIzRTM0SGdHOXkrbkhGbjg1b1QvUmZEV2l1ZGI5SDYrK2J0MwpMM2xsVzR0VmowWE9uVUNlaXV1Tmx6bS9Ec3d4aDFBVXptVUVETkswbXVCcXErd2ZhWkt2RnkvUGN4Q0Z5Q250CkZ3bldjWTY0RkdVcVh1b0FWZ3BJaU56cHkxOWZjY2lTcDZ4ZVg5SW5ndnNFSURiUUhUYmtkM3k1WWtGNFoyM2sKTHowYXArd0IrUWRxTnFpbkdxMS9XalRJQ2VNdmg0eFA4RmVnWWhudzRhNDJZYm0ydEFKYWpUK3V4YkZmOTRBKwovZHppdWwzcEl6dUc3Wi9NblFzQ0F3RUFBYU1qTUNFd0RnWURWUjBQQVFIL0JBUURBZ0trTUE4R0ExVWRFd0VCCi93UUZNQU1CQWY4d0RRWUpLb1pJaHZjTkFRRUxCUUFEZ2dFQkFIem5lQlYxaUNMTjZoeStNYUFRb0F0L2xuYkIKUkx2cTlVUEdRSmZjUFRnenRIRDRjR2cveURpRVQ0emNIViswYlJiUHRhYnAyRXg5eFNFQkwxZXQ4SDRyUzhYMwpnTGx0d0x5bDVCbmNHSFZUQ0E4KzZYaTdPUHN1Z0VMeEFqZTJKMWZ4RnFhNUxScW9RMXUzcExSWWQza0tkN2RZCjlPSnYyb0dpOC9OMjhPOGYzQ0RVV0VuZUF3QjF4dGk5QWJXUkkzV2dDTVRja3RQVkREZkkrNHZLWnF0RFcwazEKYW9TUzNlQzVhcU9sMVBtY1B4T0ltWjBQUHpwbDFlL3Z3cURzUkx3SEg2V0c2VXg5a001L1NSWXgzeUpqb2svTgpTMVZjS0lzTGtHZ3pWN0dXY3ZGM0VQeEs4eVA2OTEvTmtaRmFEbjN1ZllFN3ZuSnRKV0E0Q2ltK2hWST0KLS0tLS1FTkQgQ0VSVElGSUNBVEUtLS0tLQo=\n  name: eks_main\n\ncontexts:\n- context:\n    cluster: eks_main\n    user: eks_main\n  name: eks_main\n\ncurrent-context: eks_main\n\nusers:\n- name: eks_main\n  user:\n    exec:\n      apiVersion: client.authentication.k8s.io/v1alpha1\n      command: aws-iam-authenticator\n      args:\n        - \"token\"\n        - \"-i\"\n        - \"main\"\n\n      env:\n        - name: AWS_PROFILE\n          value: personal\n\n",
            "template": "apiVersion: v1\npreferences: {}\nkind: Config\n\nclusters:\n- cluster:\n    server: ${endpoint}\n    certificate-authority-data: ${cluster_auth_base64}\n  name: ${kubeconfig_name}\n\ncontexts:\n- context:\n    cluster: ${kubeconfig_name}\n    user: ${kubeconfig_name}\n  name: ${kubeconfig_name}\n\ncurrent-context: ${kubeconfig_name}\n\nusers:\n- name: ${kubeconfig_name}\n  user:\n    exec:\n      apiVersion: client.authentication.k8s.io/v1alpha1\n      command: ${aws_authenticator_command}\n      args:\n${aws_authenticator_command_args}\n${aws_authenticator_additional_args}\n${aws_authenticator_env_variables}\n",
            "vars": {
              "aws_authenticator_additional_args": "",
              "aws_authenticator_command": "aws-iam-authenticator",
              "aws_authenticator_command_args": "        - \"token\"\n        - \"-i\"\n        - \"main\"",
              "aws_authenticator_env_variables": "      env:\n        - name: AWS_PROFILE\n          value: personal\n",
              "cluster_auth_base64": "LS0tLS1CRUdJTiBDRVJUSUZJQ0FURS0tLS0tCk1JSUN5RENDQWJDZ0F3SUJBZ0lCQURBTkJna3Foa2lHOXcwQkFRc0ZBREFWTVJNd0VRWURWUVFERXdwcmRXSmwKY201bGRHVnpNQjRYRFRFNU1UQXhNekl6TkRNME1sb1hEVEk1TVRBeE1ESXpORE0wTWxvd0ZURVRNQkVHQTFVRQpBeE1LYTNWaVpYSnVaWFJsY3pDQ0FTSXdEUVlKS29aSWh2Y05BUUVCQlFBRGdnRVBBRENDQVFvQ2dnRUJBTkJFCk9JZUpLVTVWZWdUeGIrayt5cGtZcWtaZUUvQlp0eFczQUNRWERNam5wSDZGS283NTZuS3pUaVc5dXZiSnZyb2sKZDczRitsSFFyMjdWdXdTa0xZMHNsdkpDWWJoTmIzRTM0SGdHOXkrbkhGbjg1b1QvUmZEV2l1ZGI5SDYrK2J0MwpMM2xsVzR0VmowWE9uVUNlaXV1Tmx6bS9Ec3d4aDFBVXptVUVETkswbXVCcXErd2ZhWkt2RnkvUGN4Q0Z5Q250CkZ3bldjWTY0RkdVcVh1b0FWZ3BJaU56cHkxOWZjY2lTcDZ4ZVg5SW5ndnNFSURiUUhUYmtkM3k1WWtGNFoyM2sKTHowYXArd0IrUWRxTnFpbkdxMS9XalRJQ2VNdmg0eFA4RmVnWWhudzRhNDJZYm0ydEFKYWpUK3V4YkZmOTRBKwovZHppdWwzcEl6dUc3Wi9NblFzQ0F3RUFBYU1qTUNFd0RnWURWUjBQQVFIL0JBUURBZ0trTUE4R0ExVWRFd0VCCi93UUZNQU1CQWY4d0RRWUpLb1pJaHZjTkFRRUxCUUFEZ2dFQkFIem5lQlYxaUNMTjZoeStNYUFRb0F0L2xuYkIKUkx2cTlVUEdRSmZjUFRnenRIRDRjR2cveURpRVQ0emNIViswYlJiUHRhYnAyRXg5eFNFQkwxZXQ4SDRyUzhYMwpnTGx0d0x5bDVCbmNHSFZUQ0E4KzZYaTdPUHN1Z0VMeEFqZTJKMWZ4RnFhNUxScW9RMXUzcExSWWQza0tkN2RZCjlPSnYyb0dpOC9OMjhPOGYzQ0RVV0VuZUF3QjF4dGk5QWJXUkkzV2dDTVRja3RQVkREZkkrNHZLWnF0RFcwazEKYW9TUzNlQzVhcU9sMVBtY1B4T0ltWjBQUHpwbDFlL3Z3cURzUkx3SEg2V0c2VXg5a001L1NSWXgzeUpqb2svTgpTMVZjS0lzTGtHZ3pWN0dXY3ZGM0VQeEs4eVA2OTEvTmtaRmFEbjN1ZllFN3ZuSnRKV0E0Q2ltK2hWST0KLS0tLS1FTkQgQ0VSVElGSUNBVEUtLS0tLQo=",
              "endpoint": "https://188EEE49BF15AB446E50268EE98A7217.sk1.ap-southeast-2.eks.amazonaws.com",
              "kubeconfig_name": "eks_main",
              "region": "ap-southeast-2"
            }
          },
          "depends_on": [
            "aws_eks_cluster.this",
            "data.aws_region.current",
            "data.template_file.aws_authenticator_env_variables"
          ]
        }
      ]
    },
    {
      "module": "module.eks",
      "mode": "data",
      "type": "template_file",
      "name": "launch_template_userdata",
      "each": "list",
      "provider": "provider.template",
      "instances": [
        {
          "index_key": 0,
          "schema_version": 0,
          "attributes": {
            "filename": null,
            "id": "c62cf1fabbe2ec24abd6fbaca2a89ff78df22522a952aec2d6cf784e44ecd5a8",
            "rendered": "#!/bin/bash -xe\n\n# Allow user supplied pre userdata code\n\n\n# Bootstrap and join the cluster\n/etc/eks/bootstrap.sh --b64-cluster-ca 'LS0tLS1CRUdJTiBDRVJUSUZJQ0FURS0tLS0tCk1JSUN5RENDQWJDZ0F3SUJBZ0lCQURBTkJna3Foa2lHOXcwQkFRc0ZBREFWTVJNd0VRWURWUVFERXdwcmRXSmwKY201bGRHVnpNQjRYRFRFNU1UQXhNekl6TkRNME1sb1hEVEk1TVRBeE1ESXpORE0wTWxvd0ZURVRNQkVHQTFVRQpBeE1LYTNWaVpYSnVaWFJsY3pDQ0FTSXdEUVlKS29aSWh2Y05BUUVCQlFBRGdnRVBBRENDQVFvQ2dnRUJBTkJFCk9JZUpLVTVWZWdUeGIrayt5cGtZcWtaZUUvQlp0eFczQUNRWERNam5wSDZGS283NTZuS3pUaVc5dXZiSnZyb2sKZDczRitsSFFyMjdWdXdTa0xZMHNsdkpDWWJoTmIzRTM0SGdHOXkrbkhGbjg1b1QvUmZEV2l1ZGI5SDYrK2J0MwpMM2xsVzR0VmowWE9uVUNlaXV1Tmx6bS9Ec3d4aDFBVXptVUVETkswbXVCcXErd2ZhWkt2RnkvUGN4Q0Z5Q250CkZ3bldjWTY0RkdVcVh1b0FWZ3BJaU56cHkxOWZjY2lTcDZ4ZVg5SW5ndnNFSURiUUhUYmtkM3k1WWtGNFoyM2sKTHowYXArd0IrUWRxTnFpbkdxMS9XalRJQ2VNdmg0eFA4RmVnWWhudzRhNDJZYm0ydEFKYWpUK3V4YkZmOTRBKwovZHppdWwzcEl6dUc3Wi9NblFzQ0F3RUFBYU1qTUNFd0RnWURWUjBQQVFIL0JBUURBZ0trTUE4R0ExVWRFd0VCCi93UUZNQU1CQWY4d0RRWUpLb1pJaHZjTkFRRUxCUUFEZ2dFQkFIem5lQlYxaUNMTjZoeStNYUFRb0F0L2xuYkIKUkx2cTlVUEdRSmZjUFRnenRIRDRjR2cveURpRVQ0emNIViswYlJiUHRhYnAyRXg5eFNFQkwxZXQ4SDRyUzhYMwpnTGx0d0x5bDVCbmNHSFZUQ0E4KzZYaTdPUHN1Z0VMeEFqZTJKMWZ4RnFhNUxScW9RMXUzcExSWWQza0tkN2RZCjlPSnYyb0dpOC9OMjhPOGYzQ0RVV0VuZUF3QjF4dGk5QWJXUkkzV2dDTVRja3RQVkREZkkrNHZLWnF0RFcwazEKYW9TUzNlQzVhcU9sMVBtY1B4T0ltWjBQUHpwbDFlL3Z3cURzUkx3SEg2V0c2VXg5a001L1NSWXgzeUpqb2svTgpTMVZjS0lzTGtHZ3pWN0dXY3ZGM0VQeEs4eVA2OTEvTmtaRmFEbjN1ZllFN3ZuSnRKV0E0Q2ltK2hWST0KLS0tLS1FTkQgQ0VSVElGSUNBVEUtLS0tLQo=' --apiserver-endpoint 'https://188EEE49BF15AB446E50268EE98A7217.sk1.ap-southeast-2.eks.amazonaws.com'  --kubelet-extra-args \"\" 'main'\n\n# Allow user supplied userdata code\n\n",
            "template": "#!/bin/bash -xe\n\n# Allow user supplied pre userdata code\n${pre_userdata}\n\n# Bootstrap and join the cluster\n/etc/eks/bootstrap.sh --b64-cluster-ca '${cluster_auth_base64}' --apiserver-endpoint '${endpoint}' ${bootstrap_extra_args} --kubelet-extra-args \"${kubelet_extra_args}\" '${cluster_name}'\n\n# Allow user supplied userdata code\n${additional_userdata}\n",
            "vars": {
              "additional_userdata": "",
              "bootstrap_extra_args": "",
              "cluster_auth_base64": "LS0tLS1CRUdJTiBDRVJUSUZJQ0FURS0tLS0tCk1JSUN5RENDQWJDZ0F3SUJBZ0lCQURBTkJna3Foa2lHOXcwQkFRc0ZBREFWTVJNd0VRWURWUVFERXdwcmRXSmwKY201bGRHVnpNQjRYRFRFNU1UQXhNekl6TkRNME1sb1hEVEk1TVRBeE1ESXpORE0wTWxvd0ZURVRNQkVHQTFVRQpBeE1LYTNWaVpYSnVaWFJsY3pDQ0FTSXdEUVlKS29aSWh2Y05BUUVCQlFBRGdnRVBBRENDQVFvQ2dnRUJBTkJFCk9JZUpLVTVWZWdUeGIrayt5cGtZcWtaZUUvQlp0eFczQUNRWERNam5wSDZGS283NTZuS3pUaVc5dXZiSnZyb2sKZDczRitsSFFyMjdWdXdTa0xZMHNsdkpDWWJoTmIzRTM0SGdHOXkrbkhGbjg1b1QvUmZEV2l1ZGI5SDYrK2J0MwpMM2xsVzR0VmowWE9uVUNlaXV1Tmx6bS9Ec3d4aDFBVXptVUVETkswbXVCcXErd2ZhWkt2RnkvUGN4Q0Z5Q250CkZ3bldjWTY0RkdVcVh1b0FWZ3BJaU56cHkxOWZjY2lTcDZ4ZVg5SW5ndnNFSURiUUhUYmtkM3k1WWtGNFoyM2sKTHowYXArd0IrUWRxTnFpbkdxMS9XalRJQ2VNdmg0eFA4RmVnWWhudzRhNDJZYm0ydEFKYWpUK3V4YkZmOTRBKwovZHppdWwzcEl6dUc3Wi9NblFzQ0F3RUFBYU1qTUNFd0RnWURWUjBQQVFIL0JBUURBZ0trTUE4R0ExVWRFd0VCCi93UUZNQU1CQWY4d0RRWUpLb1pJaHZjTkFRRUxCUUFEZ2dFQkFIem5lQlYxaUNMTjZoeStNYUFRb0F0L2xuYkIKUkx2cTlVUEdRSmZjUFRnenRIRDRjR2cveURpRVQ0emNIViswYlJiUHRhYnAyRXg5eFNFQkwxZXQ4SDRyUzhYMwpnTGx0d0x5bDVCbmNHSFZUQ0E4KzZYaTdPUHN1Z0VMeEFqZTJKMWZ4RnFhNUxScW9RMXUzcExSWWQza0tkN2RZCjlPSnYyb0dpOC9OMjhPOGYzQ0RVV0VuZUF3QjF4dGk5QWJXUkkzV2dDTVRja3RQVkREZkkrNHZLWnF0RFcwazEKYW9TUzNlQzVhcU9sMVBtY1B4T0ltWjBQUHpwbDFlL3Z3cURzUkx3SEg2V0c2VXg5a001L1NSWXgzeUpqb2svTgpTMVZjS0lzTGtHZ3pWN0dXY3ZGM0VQeEs4eVA2OTEvTmtaRmFEbjN1ZllFN3ZuSnRKV0E0Q2ltK2hWST0KLS0tLS1FTkQgQ0VSVElGSUNBVEUtLS0tLQo=",
              "cluster_name": "main",
              "endpoint": "https://188EEE49BF15AB446E50268EE98A7217.sk1.ap-southeast-2.eks.amazonaws.com",
              "kubelet_extra_args": "",
              "pre_userdata": ""
            }
          },
          "depends_on": [
            "aws_eks_cluster.this"
          ]
        }
      ]
    },
    {
      "module": "module.eks",
      "mode": "data",
      "type": "template_file",
      "name": "launch_template_worker_role_arns",
      "each": "list",
      "provider": "provider.template",
      "instances": [
        {
          "index_key": 0,
          "schema_version": 0,
          "attributes": {
            "filename": null,
            "id": "bec95a6c2b810e45c79358018024c6727149dfd6d4f57009883e2317ea180335",
            "rendered": "    - rolearn: arn:aws:iam::287139315271:role/main20191013234709001500000001\n      username: system:node:{{EC2PrivateDNSName}}\n      groups:\n        - system:bootstrappers\n        - system:nodes\n",
            "template": "    - rolearn: ${worker_role_arn}\n      username: system:node:{{EC2PrivateDNSName}}\n      groups:\n        - system:bootstrappers\n        - system:nodes\n",
            "vars": {
              "worker_role_arn": "arn:aws:iam::287139315271:role/main20191013234709001500000001"
            }
          },
          "depends_on": [
            "aws_iam_instance_profile.workers_launch_template",
            "data.aws_caller_identity.current",
            "data.aws_iam_instance_profile.custom_worker_group_launch_template_iam_instance_profile"
          ]
        }
      ]
    },
    {
      "module": "module.eks",
      "mode": "data",
      "type": "template_file",
      "name": "userdata",
      "each": "list",
      "provider": "provider.template",
      "instances": []
    },
    {
      "module": "module.eks",
      "mode": "data",
      "type": "template_file",
      "name": "worker_role_arns",
      "each": "list",
      "provider": "provider.template",
      "instances": []
    },
    {
      "mode": "managed",
      "type": "aws_acm_certificate",
      "name": "main",
      "provider": "provider.aws",
      "instances": [
        {
          "schema_version": 0,
          "attributes": {
            "arn": "arn:aws:acm:ap-southeast-2:287139315271:certificate/e9262ddd-e7da-48e5-8fd5-2e16f6a10b3f",
            "certificate_authority_arn": "",
            "certificate_body": null,
            "certificate_chain": null,
            "domain_name": "joshuaspence.com",
            "domain_validation_options": [
              {
                "domain_name": "joshuaspence.com",
                "resource_record_name": "_e86cb415369ca865127a738215805d77.joshuaspence.com.",
                "resource_record_type": "CNAME",
                "resource_record_value": "_7bd0c247cd2ed0c16647e84d6d13e46e.duyqrilejt.acm-validations.aws."
              },
              {
                "domain_name": "joshuaspence.com.au",
                "resource_record_name": "_4bc786af956f35a1d917434a6d3c5734.joshuaspence.com.au.",
                "resource_record_type": "CNAME",
                "resource_record_value": "_fbb872a994b69cf536261752c36cd42e.duyqrilejt.acm-validations.aws."
              }
            ],
            "id": "arn:aws:acm:ap-southeast-2:287139315271:certificate/e9262ddd-e7da-48e5-8fd5-2e16f6a10b3f",
            "options": [
              {
                "certificate_transparency_logging_preference": "ENABLED"
              }
            ],
            "private_key": null,
            "subject_alternative_names": [
              "joshuaspence.com.au"
            ],
            "tags": {},
            "validation_emails": [],
            "validation_method": "DNS"
          },
          "private": "bnVsbA=="
        }
      ]
    },
    {
      "mode": "managed",
      "type": "aws_acm_certificate_validation",
      "name": "main",
      "provider": "provider.aws",
      "instances": [
        {
          "schema_version": 0,
          "attributes": {
            "certificate_arn": "arn:aws:acm:ap-southeast-2:287139315271:certificate/e9262ddd-e7da-48e5-8fd5-2e16f6a10b3f",
            "id": "2019-07-05 12:43:02 +0000 UTC",
            "timeouts": null,
            "validation_record_fqdns": [
              "_4bc786af956f35a1d917434a6d3c5734.joshuaspence.com.au",
              "_e86cb415369ca865127a738215805d77.joshuaspence.com"
            ]
          },
          "private": "eyJlMmJmYjczMC1lY2FhLTExZTYtOGY4OC0zNDM2M2JjN2M0YzAiOnsiY3JlYXRlIjoyNzAwMDAwMDAwMDAwfX0=",
          "depends_on": [
            "aws_acm_certificate.main",
            "aws_route53_record.acm_validation"
          ]
        }
      ]
    },
    {
      "module": "module.eks",
      "mode": "managed",
      "type": "aws_autoscaling_group",
      "name": "workers",
      "each": "list",
      "provider": "provider.aws",
      "instances": []
    },
    {
      "module": "module.eks",
      "mode": "managed",
      "type": "aws_autoscaling_group",
      "name": "workers_launch_template",
      "each": "list",
      "provider": "provider.aws",
      "instances": [
        {
          "index_key": 0,
          "schema_version": 0,
          "attributes": {
            "arn": "arn:aws:autoscaling:ap-southeast-2:287139315271:autoScalingGroup:c8271753-29d5-4597-9429-af79b1943cb7:autoScalingGroupName/main-020191013234919972500000009",
            "availability_zones": [
              "ap-southeast-2a",
              "ap-southeast-2b"
            ],
            "default_cooldown": 300,
            "desired_capacity": 1,
            "enabled_metrics": null,
            "force_delete": false,
            "health_check_grace_period": 300,
            "health_check_type": "EC2",
            "id": "main-020191013234919972500000009",
            "initial_lifecycle_hook": [],
            "launch_configuration": "",
            "launch_template": [
              {
                "id": "lt-0c8811f0eefdd4da6",
                "name": "main-020191013234919597500000007",
                "version": "$Latest"
              }
            ],
            "load_balancers": [],
            "max_size": 3,
            "metrics_granularity": "1Minute",
            "min_elb_capacity": null,
            "min_size": 1,
            "mixed_instances_policy": [],
            "name": "main-020191013234919972500000009",
            "name_prefix": "main-0",
            "placement_group": "",
            "protect_from_scale_in": false,
            "service_linked_role_arn": "arn:aws:iam::287139315271:role/aws-service-role/autoscaling.amazonaws.com/AWSServiceRoleForAutoScaling",
            "suspended_processes": [
              "AZRebalance"
            ],
            "tag": [],
            "tags": [
              {
                "key": "Name",
                "propagate_at_launch": "true",
                "value": "main-0-eks_asg"
              },
              {
                "key": "kubernetes.io/cluster/main",
                "propagate_at_launch": "true",
                "value": "owned"
              },
              {
                "key": "k8s.io/cluster-autoscaler/enabled",
                "propagate_at_launch": "false",
                "value": "true"
              },
              {
                "key": "k8s.io/cluster-autoscaler/main",
                "propagate_at_launch": "false",
                "value": "main"
              },
              {
                "key": "k8s.io/cluster-autoscaler/node-template/resources/ephemeral-storage",
                "propagate_at_launch": "false",
                "value": "100Gi"
              }
            ],
            "target_group_arns": [],
            "termination_policies": [],
            "timeouts": null,
            "vpc_zone_identifier": [
              "subnet-0011627f64363cd46",
              "subnet-03d0134364d161d6a",
              "subnet-053ca77255581a916",
              "subnet-0a96e03794f95a700"
            ],
            "wait_for_capacity_timeout": "10m",
            "wait_for_elb_capacity": null
          },
          "private": "eyJlMmJmYjczMC1lY2FhLTExZTYtOGY4OC0zNDM2M2JjN2M0YzAiOnsiZGVsZXRlIjo2MDAwMDAwMDAwMDB9fQ==",
          "depends_on": [
            "aws_eks_cluster.this",
            "aws_launch_template.workers_launch_template",
            "random_pet.workers_launch_template"
          ]
        }
      ]
    },
    {
      "module": "module.eks",
      "mode": "managed",
      "type": "aws_cloudwatch_log_group",
      "name": "this",
      "each": "list",
      "provider": "provider.aws",
      "instances": [
        {
          "index_key": 0,
          "schema_version": 0,
          "attributes": {
            "arn": "arn:aws:logs:ap-southeast-2:287139315271:log-group:/aws/eks/main/cluster:*",
            "id": "/aws/eks/main/cluster",
            "kms_key_id": "",
            "name": "/aws/eks/main/cluster",
            "name_prefix": null,
            "retention_in_days": 90,
            "tags": {}
          },
          "private": "bnVsbA=="
        }
      ]
    },
    {
      "module": "module.vpc",
      "mode": "managed",
      "type": "aws_db_subnet_group",
      "name": "database",
      "each": "list",
      "provider": "provider.aws",
      "instances": []
    },
    {
      "module": "module.vpc",
      "mode": "managed",
      "type": "aws_default_network_acl",
      "name": "this",
      "each": "list",
      "provider": "provider.aws",
      "instances": []
    },
    {
      "module": "module.vpc",
      "mode": "managed",
      "type": "aws_default_vpc",
      "name": "this",
      "each": "list",
      "provider": "provider.aws",
      "instances": []
    },
    {
      "module": "module.vpc",
      "mode": "managed",
      "type": "aws_egress_only_internet_gateway",
      "name": "this",
      "each": "list",
      "provider": "provider.aws",
      "instances": []
    },
    {
      "module": "module.vpc",
      "mode": "managed",
      "type": "aws_eip",
      "name": "nat",
      "each": "list",
      "provider": "provider.aws",
      "instances": [
        {
          "index_key": 0,
          "schema_version": 0,
          "attributes": {
            "allocation_id": null,
            "associate_with_private_ip": null,
            "association_id": "eipassoc-f1c6703c",
            "domain": "vpc",
            "id": "eipalloc-0d085c0d432555528",
            "instance": "",
            "network_interface": "eni-0aa268b5aa3ddadce",
            "private_dns": "ip-10-0-0-144.ap-southeast-2.compute.internal",
            "private_ip": "10.0.0.144",
            "public_dns": "ec2-13-54-246-184.ap-southeast-2.compute.amazonaws.com",
            "public_ip": "13.54.246.184",
            "public_ipv4_pool": "amazon",
            "tags": {
              "Name": "main-ap-southeast-2b"
            },
            "timeouts": null,
            "vpc": true
          },
          "private": "eyJlMmJmYjczMC1lY2FhLTExZTYtOGY4OC0zNDM2M2JjN2M0YzAiOnsiZGVsZXRlIjoxODAwMDAwMDAwMDAsInJlYWQiOjkwMDAwMDAwMDAwMCwidXBkYXRlIjozMDAwMDAwMDAwMDB9fQ=="
        }
      ]
    },
    {
      "module": "module.eks",
      "mode": "managed",
      "type": "aws_eks_cluster",
      "name": "this",
      "provider": "provider.aws",
      "instances": [
        {
          "schema_version": 0,
          "attributes": {
            "arn": "arn:aws:eks:ap-southeast-2:287139315271:cluster/main",
            "certificate_authority": [
              {
                "data": "LS0tLS1CRUdJTiBDRVJUSUZJQ0FURS0tLS0tCk1JSUN5RENDQWJDZ0F3SUJBZ0lCQURBTkJna3Foa2lHOXcwQkFRc0ZBREFWTVJNd0VRWURWUVFERXdwcmRXSmwKY201bGRHVnpNQjRYRFRFNU1UQXhNekl6TkRNME1sb1hEVEk1TVRBeE1ESXpORE0wTWxvd0ZURVRNQkVHQTFVRQpBeE1LYTNWaVpYSnVaWFJsY3pDQ0FTSXdEUVlKS29aSWh2Y05BUUVCQlFBRGdnRVBBRENDQVFvQ2dnRUJBTkJFCk9JZUpLVTVWZWdUeGIrayt5cGtZcWtaZUUvQlp0eFczQUNRWERNam5wSDZGS283NTZuS3pUaVc5dXZiSnZyb2sKZDczRitsSFFyMjdWdXdTa0xZMHNsdkpDWWJoTmIzRTM0SGdHOXkrbkhGbjg1b1QvUmZEV2l1ZGI5SDYrK2J0MwpMM2xsVzR0VmowWE9uVUNlaXV1Tmx6bS9Ec3d4aDFBVXptVUVETkswbXVCcXErd2ZhWkt2RnkvUGN4Q0Z5Q250CkZ3bldjWTY0RkdVcVh1b0FWZ3BJaU56cHkxOWZjY2lTcDZ4ZVg5SW5ndnNFSURiUUhUYmtkM3k1WWtGNFoyM2sKTHowYXArd0IrUWRxTnFpbkdxMS9XalRJQ2VNdmg0eFA4RmVnWWhudzRhNDJZYm0ydEFKYWpUK3V4YkZmOTRBKwovZHppdWwzcEl6dUc3Wi9NblFzQ0F3RUFBYU1qTUNFd0RnWURWUjBQQVFIL0JBUURBZ0trTUE4R0ExVWRFd0VCCi93UUZNQU1CQWY4d0RRWUpLb1pJaHZjTkFRRUxCUUFEZ2dFQkFIem5lQlYxaUNMTjZoeStNYUFRb0F0L2xuYkIKUkx2cTlVUEdRSmZjUFRnenRIRDRjR2cveURpRVQ0emNIViswYlJiUHRhYnAyRXg5eFNFQkwxZXQ4SDRyUzhYMwpnTGx0d0x5bDVCbmNHSFZUQ0E4KzZYaTdPUHN1Z0VMeEFqZTJKMWZ4RnFhNUxScW9RMXUzcExSWWQza0tkN2RZCjlPSnYyb0dpOC9OMjhPOGYzQ0RVV0VuZUF3QjF4dGk5QWJXUkkzV2dDTVRja3RQVkREZkkrNHZLWnF0RFcwazEKYW9TUzNlQzVhcU9sMVBtY1B4T0ltWjBQUHpwbDFlL3Z3cURzUkx3SEg2V0c2VXg5a001L1NSWXgzeUpqb2svTgpTMVZjS0lzTGtHZ3pWN0dXY3ZGM0VQeEs4eVA2OTEvTmtaRmFEbjN1ZllFN3ZuSnRKV0E0Q2ltK2hWST0KLS0tLS1FTkQgQ0VSVElGSUNBVEUtLS0tLQo="
              }
            ],
            "created_at": "2019-10-13 23:36:37 +0000 UTC",
            "enabled_cluster_log_types": [
              "api",
              "audit",
              "authenticator",
              "controllerManager",
              "scheduler"
            ],
            "endpoint": "https://188EEE49BF15AB446E50268EE98A7217.sk1.ap-southeast-2.eks.amazonaws.com",
            "id": "main",
            "identity": [
              {
                "oidc": [
                  {
                    "issuer": "https://oidc.eks.ap-southeast-2.amazonaws.com/id/188EEE49BF15AB446E50268EE98A7217"
                  }
                ]
              }
            ],
            "name": "main",
            "platform_version": "eks.1",
            "role_arn": "arn:aws:iam::287139315271:role/main20191013233443345600000001",
            "status": "ACTIVE",
            "tags": {},
            "timeouts": {
              "create": "15m",
              "delete": "15m",
              "update": null
            },
            "version": "1.14",
            "vpc_config": [
              {
                "endpoint_private_access": true,
                "endpoint_public_access": true,
                "security_group_ids": [
                  "sg-074fcf7cff93bad53"
                ],
                "subnet_ids": [
                  "subnet-0011627f64363cd46",
                  "subnet-03d0134364d161d6a",
                  "subnet-053ca77255581a916",
                  "subnet-0a96e03794f95a700"
                ],
                "vpc_id": "vpc-0bfb378d00fc60712"
              }
            ]
          },
          "private": "eyJlMmJmYjczMC1lY2FhLTExZTYtOGY4OC0zNDM2M2JjN2M0YzAiOnsiY3JlYXRlIjo5MDAwMDAwMDAwMDAsImRlbGV0ZSI6OTAwMDAwMDAwMDAwLCJ1cGRhdGUiOjM2MDAwMDAwMDAwMDB9fQ==",
          "depends_on": [
            "aws_cloudwatch_log_group.this",
            "aws_iam_role_policy_attachment.cluster_AmazonEKSClusterPolicy",
            "aws_iam_role_policy_attachment.cluster_AmazonEKSServicePolicy"
          ]
        }
      ]
    },
    {
      "module": "module.vpc",
      "mode": "managed",
      "type": "aws_elasticache_subnet_group",
      "name": "elasticache",
      "each": "list",
      "provider": "provider.aws",
      "instances": []
    },
    {
      "module": "module.eks",
      "mode": "managed",
      "type": "aws_iam_instance_profile",
      "name": "workers",
      "each": "list",
      "provider": "provider.aws",
      "instances": []
    },
    {
      "module": "module.eks",
      "mode": "managed",
      "type": "aws_iam_instance_profile",
      "name": "workers_launch_template",
      "each": "list",
      "provider": "provider.aws",
      "instances": [
        {
          "index_key": 0,
          "schema_version": 0,
          "attributes": {
            "arn": "arn:aws:iam::287139315271:instance-profile/main20191013234711250900000002",
            "create_date": "2019-10-13T23:47:12Z",
            "id": "main20191013234711250900000002",
            "name": "main20191013234711250900000002",
            "name_prefix": "main",
            "path": "/",
            "role": "main20191013234709001500000001",
            "roles": [
              "main20191013234709001500000001"
            ],
            "unique_id": "AIPAUFWWWHZDZ7IL3SPBM"
          },
          "private": "bnVsbA==",
          "depends_on": [
            "aws_eks_cluster.this"
          ]
        }
      ]
    },
    {
      "module": "module.eks",
      "mode": "managed",
      "type": "aws_iam_policy",
      "name": "worker_autoscaling",
      "each": "list",
      "provider": "provider.aws",
      "instances": [
        {
          "index_key": 0,
          "schema_version": 0,
          "attributes": {
            "arn": "arn:aws:iam::287139315271:policy/eks-worker-autoscaling-main20191013234917988000000001",
            "description": "EKS worker node autoscaling policy for cluster main",
            "id": "arn:aws:iam::287139315271:policy/eks-worker-autoscaling-main20191013234917988000000001",
            "name": "eks-worker-autoscaling-main20191013234917988000000001",
            "name_prefix": "eks-worker-autoscaling-main",
            "path": "/",
            "policy": "{\n  \"Version\": \"2012-10-17\",\n  \"Statement\": [\n    {\n      \"Sid\": \"eksWorkerAutoscalingAll\",\n      \"Effect\": \"Allow\",\n      \"Action\": [\n        \"ec2:DescribeLaunchTemplateVersions\",\n        \"autoscaling:DescribeTags\",\n        \"autoscaling:DescribeLaunchConfigurations\",\n        \"autoscaling:DescribeAutoScalingInstances\",\n        \"autoscaling:DescribeAutoScalingGroups\"\n      ],\n      \"Resource\": \"*\"\n    },\n    {\n      \"Sid\": \"eksWorkerAutoscalingOwn\",\n      \"Effect\": \"Allow\",\n      \"Action\": [\n        \"autoscaling:UpdateAutoScalingGroup\",\n        \"autoscaling:TerminateInstanceInAutoScalingGroup\",\n        \"autoscaling:SetDesiredCapacity\"\n      ],\n      \"Resource\": \"*\",\n      \"Condition\": {\n        \"StringEquals\": {\n          \"autoscaling:ResourceTag/k8s.io/cluster-autoscaler/enabled\": \"true\",\n          \"autoscaling:ResourceTag/kubernetes.io/cluster/main\": \"owned\"\n        }\n      }\n    }\n  ]\n}"
          },
          "private": "bnVsbA==",
          "depends_on": [
            "aws_eks_cluster.this",
            "data.aws_iam_policy_document.worker_autoscaling"
          ]
        }
      ]
    },
    {
      "module": "module.eks",
      "mode": "managed",
      "type": "aws_iam_role",
      "name": "cluster",
      "each": "list",
      "provider": "provider.aws",
      "instances": [
        {
          "index_key": 0,
          "schema_version": 0,
          "attributes": {
            "arn": "arn:aws:iam::287139315271:role/main20191013233443345600000001",
            "assume_role_policy": "{\"Version\":\"2012-10-17\",\"Statement\":[{\"Sid\":\"EKSClusterAssumeRole\",\"Effect\":\"Allow\",\"Principal\":{\"Service\":\"eks.amazonaws.com\"},\"Action\":\"sts:AssumeRole\"}]}",
            "create_date": "2019-10-13T23:34:44Z",
            "description": "",
            "force_detach_policies": true,
            "id": "main20191013233443345600000001",
            "max_session_duration": 3600,
            "name": "main20191013233443345600000001",
            "name_prefix": "main",
            "path": "/",
            "permissions_boundary": null,
            "tags": {},
            "unique_id": "AROAUFWWWHZD5KJCSSLDY"
          },
          "private": "bnVsbA==",
          "depends_on": [
            "data.aws_iam_policy_document.cluster_assume_role_policy"
          ]
        }
      ]
    },
    {
      "module": "module.eks",
      "mode": "managed",
      "type": "aws_iam_role",
      "name": "workers",
      "each": "list",
      "provider": "provider.aws",
      "instances": [
        {
          "index_key": 0,
          "schema_version": 0,
          "attributes": {
            "arn": "arn:aws:iam::287139315271:role/main20191013234709001500000001",
            "assume_role_policy": "{\"Version\":\"2012-10-17\",\"Statement\":[{\"Sid\":\"EKSWorkerAssumeRole\",\"Effect\":\"Allow\",\"Principal\":{\"Service\":\"ec2.amazonaws.com\"},\"Action\":\"sts:AssumeRole\"}]}",
            "create_date": "2019-10-13T23:47:09Z",
            "description": "",
            "force_detach_policies": true,
            "id": "main20191013234709001500000001",
            "max_session_duration": 3600,
            "name": "main20191013234709001500000001",
            "name_prefix": "main",
            "path": "/",
            "permissions_boundary": null,
            "tags": {},
            "unique_id": "AROAUFWWWHZDR3RGVRCTS"
          },
          "private": "bnVsbA==",
          "depends_on": [
            "aws_eks_cluster.this",
            "data.aws_iam_policy_document.workers_assume_role_policy"
          ]
        }
      ]
    },
    {
      "module": "module.eks",
      "mode": "managed",
      "type": "aws_iam_role_policy_attachment",
      "name": "cluster_AmazonEKSClusterPolicy",
      "each": "list",
      "provider": "provider.aws",
      "instances": [
        {
          "index_key": 0,
          "schema_version": 0,
          "attributes": {
            "id": "main20191013233443345600000001-20191013233446227300000003",
            "policy_arn": "arn:aws:iam::aws:policy/AmazonEKSClusterPolicy",
            "role": "main20191013233443345600000001"
          },
          "private": "bnVsbA==",
          "depends_on": [
            "aws_iam_role.cluster[0]"
          ]
        }
      ]
    },
    {
      "module": "module.eks",
      "mode": "managed",
      "type": "aws_iam_role_policy_attachment",
      "name": "cluster_AmazonEKSServicePolicy",
      "each": "list",
      "provider": "provider.aws",
      "instances": [
        {
          "index_key": 0,
          "schema_version": 0,
          "attributes": {
            "id": "main20191013233443345600000001-20191013233446239300000004",
            "policy_arn": "arn:aws:iam::aws:policy/AmazonEKSServicePolicy",
            "role": "main20191013233443345600000001"
          },
          "private": "bnVsbA==",
          "depends_on": [
            "aws_iam_role.cluster[0]"
          ]
        }
      ]
    },
    {
      "module": "module.eks",
      "mode": "managed",
      "type": "aws_iam_role_policy_attachment",
      "name": "workers_AmazonEC2ContainerRegistryReadOnly",
      "each": "list",
      "provider": "provider.aws",
      "instances": [
        {
          "index_key": 0,
          "schema_version": 0,
          "attributes": {
            "id": "main20191013234709001500000001-20191013234918959400000005",
            "policy_arn": "arn:aws:iam::aws:policy/AmazonEC2ContainerRegistryReadOnly",
            "role": "main20191013234709001500000001"
          },
          "private": "bnVsbA==",
          "depends_on": [
            "aws_iam_role.workers[0]"
          ]
        }
      ]
    },
    {
      "module": "module.eks",
      "mode": "managed",
      "type": "aws_iam_role_policy_attachment",
      "name": "workers_AmazonEKSWorkerNodePolicy",
      "each": "list",
      "provider": "provider.aws",
      "instances": [
        {
          "index_key": 0,
          "schema_version": 0,
          "attributes": {
            "id": "main20191013234709001500000001-20191013234918981100000006",
            "policy_arn": "arn:aws:iam::aws:policy/AmazonEKSWorkerNodePolicy",
            "role": "main20191013234709001500000001"
          },
          "private": "bnVsbA==",
          "depends_on": [
            "aws_iam_role.workers[0]"
          ]
        }
      ]
    },
    {
      "module": "module.eks",
      "mode": "managed",
      "type": "aws_iam_role_policy_attachment",
      "name": "workers_AmazonEKS_CNI_Policy",
      "each": "list",
      "provider": "provider.aws",
      "instances": [
        {
          "index_key": 0,
          "schema_version": 0,
          "attributes": {
            "id": "main20191013234709001500000001-20191013234918952500000004",
            "policy_arn": "arn:aws:iam::aws:policy/AmazonEKS_CNI_Policy",
            "role": "main20191013234709001500000001"
          },
          "private": "bnVsbA==",
          "depends_on": [
            "aws_iam_role.workers[0]"
          ]
        }
      ]
    },
    {
      "module": "module.eks",
      "mode": "managed",
      "type": "aws_iam_role_policy_attachment",
      "name": "workers_additional_policies",
      "each": "list",
      "provider": "provider.aws",
      "instances": []
    },
    {
      "module": "module.eks",
      "mode": "managed",
      "type": "aws_iam_role_policy_attachment",
      "name": "workers_autoscaling",
      "each": "list",
      "provider": "provider.aws",
      "instances": [
        {
          "index_key": 0,
          "schema_version": 0,
          "attributes": {
            "id": "main20191013234709001500000001-2019101323492173080000000a",
            "policy_arn": "arn:aws:iam::287139315271:policy/eks-worker-autoscaling-main20191013234917988000000001",
            "role": "main20191013234709001500000001"
          },
          "private": "bnVsbA==",
          "depends_on": [
            "aws_iam_policy.worker_autoscaling[0]",
            "aws_iam_role.workers[0]"
          ]
        }
      ]
    },
    {
      "module": "module.vpc",
      "mode": "managed",
      "type": "aws_internet_gateway",
      "name": "this",
      "each": "list",
      "provider": "provider.aws",
      "instances": [
        {
          "index_key": 0,
          "schema_version": 0,
          "attributes": {
            "id": "igw-01e675bacd1a99f8d",
            "owner_id": "287139315271",
            "tags": {
              "Name": "main"
            },
            "vpc_id": "vpc-0bfb378d00fc60712"
          },
          "private": "bnVsbA=="
        }
      ]
    },
    {
      "module": "module.eks",
      "mode": "managed",
      "type": "aws_launch_configuration",
      "name": "workers",
      "each": "list",
      "provider": "provider.aws",
      "instances": []
    },
    {
      "module": "module.eks",
      "mode": "managed",
      "type": "aws_launch_template",
      "name": "workers_launch_template",
      "each": "list",
      "provider": "provider.aws",
      "instances": [
        {
          "index_key": 0,
          "schema_version": 0,
          "attributes": {
            "arn": "arn:aws:ec2:ap-southeast-2:287139315271:launch-template/lt-0c8811f0eefdd4da6",
            "block_device_mappings": [
              {
                "device_name": "/dev/xvda",
                "ebs": [
                  {
                    "delete_on_termination": "true",
                    "encrypted": "",
                    "iops": 0,
                    "kms_key_id": "",
                    "snapshot_id": "",
                    "volume_size": 100,
                    "volume_type": "gp2"
                  }
                ],
                "no_device": "",
                "virtual_name": ""
              }
            ],
            "capacity_reservation_specification": [],
            "credit_specification": [
              {
                "cpu_credits": "standard"
              }
            ],
            "default_version": 1,
            "description": "",
            "disable_api_termination": false,
            "ebs_optimized": "true",
            "elastic_gpu_specifications": [],
            "elastic_inference_accelerator": [],
            "iam_instance_profile": [
              {
                "arn": "",
                "name": "main20191013234711250900000002"
              }
            ],
            "id": "lt-0c8811f0eefdd4da6",
            "image_id": "ami-082bdeda2726e4fff",
            "instance_initiated_shutdown_behavior": "",
            "instance_market_options": [],
            "instance_type": "t3a.small",
            "kernel_id": "",
            "key_name": "",
            "latest_version": 1,
            "license_specification": [],
            "monitoring": [
              {
                "enabled": false
              }
            ],
            "name": "main-020191013234919597500000007",
            "name_prefix": "main-0",
            "network_interfaces": [
              {
                "associate_public_ip_address": false,
                "delete_on_termination": true,
                "description": "",
                "device_index": 0,
                "ipv4_address_count": 0,
                "ipv4_addresses": null,
                "ipv6_address_count": 0,
                "ipv6_addresses": null,
                "network_interface_id": "",
                "private_ip_address": "",
                "security_groups": [
                  "sg-0305238e23f291197"
                ],
                "subnet_id": ""
              }
            ],
            "placement": [
              {
                "affinity": "",
                "availability_zone": "",
                "group_name": "",
                "host_id": "",
                "spread_domain": "",
                "tenancy": "default"
              }
            ],
            "ram_disk_id": "",
            "security_group_names": null,
            "tag_specifications": [
              {
                "resource_type": "volume",
                "tags": {
                  "Name": "main-0-eks_asg"
                }
              }
            ],
            "tags": null,
            "user_data": "IyEvYmluL2Jhc2ggLXhlCgojIEFsbG93IHVzZXIgc3VwcGxpZWQgcHJlIHVzZXJkYXRhIGNvZGUKCgojIEJvb3RzdHJhcCBhbmQgam9pbiB0aGUgY2x1c3RlcgovZXRjL2Vrcy9ib290c3RyYXAuc2ggLS1iNjQtY2x1c3Rlci1jYSAnTFMwdExTMUNSVWRKVGlCRFJWSlVTVVpKUTBGVVJTMHRMUzB0Q2sxSlNVTjVSRU5EUVdKRFowRjNTVUpCWjBsQ1FVUkJUa0puYTNGb2EybEhPWGN3UWtGUmMwWkJSRUZXVFZKTmQwVlJXVVJXVVZGRVJYZHdjbVJYU213S1kyMDFiR1JIVm5wTlFqUllSRlJGTlUxVVFYaE5la2w2VGtSTk1FMXNiMWhFVkVrMVRWUkJlRTFFU1hwT1JFMHdUV3h2ZDBaVVJWUk5Ra1ZIUVRGVlJRcEJlRTFMWVROV2FWcFlTblZhV0ZKc1kzcERRMEZUU1hkRVVWbEtTMjlhU1doMlkwNUJVVVZDUWxGQlJHZG5SVkJCUkVORFFWRnZRMmRuUlVKQlRrSkZDazlKWlVwTFZUVldaV2RVZUdJcmF5dDVjR3RaY1d0YVpVVXZRbHAwZUZjelFVTlJXRVJOYW01d1NEWkdTMjgzTlRadVMzcFVhVmM1ZFhaaVNuWnliMnNLWkRjelJpdHNTRkZ5TWpkV2RYZFRhMHhaTUhOc2RrcERXV0pvVG1JelJUTTBTR2RIT1hrcmJraEdiamcxYjFRdlVtWkVWMmwxWkdJNVNEWXJLMkowTXdwTU0yeHNWelIwVm1vd1dFOXVWVU5sYVhWMVRteDZiUzlFYzNkNGFERkJWWHB0VlVWRVRrc3diWFZDY1hFcmQyWmhXa3QyUm5rdlVHTjRRMFo1UTI1MENrWjNibGRqV1RZMFJrZFZjVmgxYjBGV1ozQkphVTU2Y0hreE9XWmpZMmxUY0RaNFpWZzVTVzVuZG5ORlNVUmlVVWhVWW10a00zazFXV3RHTkZveU0yc0tUSG93WVhBcmQwSXJVV1J4VG5GcGJrZHhNUzlYYWxSSlEyVk5kbWcwZUZBNFJtVm5XV2h1ZHpSaE5ESlpZbTB5ZEVGS1lXcFVLM1Y0WWtabU9UUkJLd292WkhwcGRXd3pjRWw2ZFVjM1dpOU5ibEZ6UTBGM1JVRkJZVTFxVFVORmQwUm5XVVJXVWpCUVFWRklMMEpCVVVSQlowdHJUVUU0UjBFeFZXUkZkMFZDQ2k5M1VVWk5RVTFDUVdZNGQwUlJXVXBMYjFwSmFIWmpUa0ZSUlV4Q1VVRkVaMmRGUWtGSWVtNWxRbFl4YVVOTVRqWm9lU3ROWVVGUmIwRjBMMnh1WWtJS1VreDJjVGxWVUVkUlNtWmpVRlJuZW5SSVJEUmpSMmN2ZVVScFJWUTBlbU5JVmlzd1lsSmlVSFJoWW5BeVJYZzVlRk5GUWt3eFpYUTRTRFJ5VXpoWU13cG5UR3gwZDB4NWJEVkNibU5IU0ZaVVEwRTRLelpZYVRkUFVITjFaMFZNZUVGcVpUSktNV1o0Um5GaE5VeFNjVzlSTVhVemNFeFNXV1F6YTB0a04yUlpDamxQU25ZeWIwZHBPQzlPTWpoUE9HWXpRMFJWVjBWdVpVRjNRakY0ZEdrNVFXSlhVa2t6VjJkRFRWUmphM1JRVmtSRVpra3JOSFpMV25GMFJGY3dhekVLWVc5VFV6TmxRelZoY1U5c01WQnRZMUI0VDBsdFdqQlFVSHB3YkRGbEwzWjNjVVJ6VWt4M1NFZzJWMGMyVlhnNWEwMDFMMU5TV1hnemVVcHFiMnN2VGdwVE1WWmpTMGx6VEd0SFozcFdOMGRYWTNaR00wVlFlRXM0ZVZBMk9URXZUbXRhUm1GRWJqTjFabGxGTjNadVNuUktWMEUwUTJsdEsyaFdTVDBLTFMwdExTMUZUa1FnUTBWU1ZFbEdTVU5CVkVVdExTMHRMUW89JyAtLWFwaXNlcnZlci1lbmRwb2ludCAnaHR0cHM6Ly8xODhFRUU0OUJGMTVBQjQ0NkU1MDI2OEVFOThBNzIxNy5zazEuYXAtc291dGhlYXN0LTIuZWtzLmFtYXpvbmF3cy5jb20nICAtLWt1YmVsZXQtZXh0cmEtYXJncyAiIiAnbWFpbicKCiMgQWxsb3cgdXNlciBzdXBwbGllZCB1c2VyZGF0YSBjb2RlCgo=",
            "vpc_security_group_ids": null
          },
          "private": "bnVsbA==",
          "depends_on": [
            "aws_eks_cluster.this",
            "aws_iam_instance_profile.workers_launch_template",
            "data.aws_iam_instance_profile.custom_worker_group_launch_template_iam_instance_profile",
            "data.template_file.launch_template_userdata"
          ]
        }
      ]
    },
    {
      "module": "module.vpc",
      "mode": "managed",
      "type": "aws_nat_gateway",
      "name": "this",
      "each": "list",
      "provider": "provider.aws",
      "instances": [
        {
          "index_key": 0,
          "schema_version": 0,
          "attributes": {
            "allocation_id": "eipalloc-0d085c0d432555528",
            "id": "nat-0af858eda8613398a",
            "network_interface_id": "eni-0aa268b5aa3ddadce",
            "private_ip": "10.0.0.144",
            "public_ip": "13.54.246.184",
            "subnet_id": "subnet-0a96e03794f95a700",
            "tags": {
              "Name": "main-ap-southeast-2b"
            }
          },
          "private": "bnVsbA==",
          "depends_on": [
            "aws_internet_gateway.this",
            "aws_subnet.public"
          ]
        }
      ]
    },
    {
      "module": "module.vpc",
      "mode": "managed",
      "type": "aws_network_acl",
      "name": "database",
      "each": "list",
      "provider": "provider.aws",
      "instances": []
    },
    {
      "module": "module.vpc",
      "mode": "managed",
      "type": "aws_network_acl",
      "name": "elasticache",
      "each": "list",
      "provider": "provider.aws",
      "instances": []
    },
    {
      "module": "module.vpc",
      "mode": "managed",
      "type": "aws_network_acl",
      "name": "intra",
      "each": "list",
      "provider": "provider.aws",
      "instances": []
    },
    {
      "module": "module.vpc",
      "mode": "managed",
      "type": "aws_network_acl",
      "name": "private",
      "each": "list",
      "provider": "provider.aws",
      "instances": []
    },
    {
      "module": "module.vpc",
      "mode": "managed",
      "type": "aws_network_acl",
      "name": "public",
      "each": "list",
      "provider": "provider.aws",
      "instances": []
    },
    {
      "module": "module.vpc",
      "mode": "managed",
      "type": "aws_network_acl",
      "name": "redshift",
      "each": "list",
      "provider": "provider.aws",
      "instances": []
    },
    {
      "module": "module.vpc",
      "mode": "managed",
      "type": "aws_network_acl_rule",
      "name": "database_inbound",
      "each": "list",
      "provider": "provider.aws",
      "instances": []
    },
    {
      "module": "module.vpc",
      "mode": "managed",
      "type": "aws_network_acl_rule",
      "name": "database_outbound",
      "each": "list",
      "provider": "provider.aws",
      "instances": []
    },
    {
      "module": "module.vpc",
      "mode": "managed",
      "type": "aws_network_acl_rule",
      "name": "elasticache_inbound",
      "each": "list",
      "provider": "provider.aws",
      "instances": []
    },
    {
      "module": "module.vpc",
      "mode": "managed",
      "type": "aws_network_acl_rule",
      "name": "elasticache_outbound",
      "each": "list",
      "provider": "provider.aws",
      "instances": []
    },
    {
      "module": "module.vpc",
      "mode": "managed",
      "type": "aws_network_acl_rule",
      "name": "intra_inbound",
      "each": "list",
      "provider": "provider.aws",
      "instances": []
    },
    {
      "module": "module.vpc",
      "mode": "managed",
      "type": "aws_network_acl_rule",
      "name": "intra_outbound",
      "each": "list",
      "provider": "provider.aws",
      "instances": []
    },
    {
      "module": "module.vpc",
      "mode": "managed",
      "type": "aws_network_acl_rule",
      "name": "private_inbound",
      "each": "list",
      "provider": "provider.aws",
      "instances": []
    },
    {
      "module": "module.vpc",
      "mode": "managed",
      "type": "aws_network_acl_rule",
      "name": "private_outbound",
      "each": "list",
      "provider": "provider.aws",
      "instances": []
    },
    {
      "module": "module.vpc",
      "mode": "managed",
      "type": "aws_network_acl_rule",
      "name": "public_inbound",
      "each": "list",
      "provider": "provider.aws",
      "instances": []
    },
    {
      "module": "module.vpc",
      "mode": "managed",
      "type": "aws_network_acl_rule",
      "name": "public_outbound",
      "each": "list",
      "provider": "provider.aws",
      "instances": []
    },
    {
      "module": "module.vpc",
      "mode": "managed",
      "type": "aws_network_acl_rule",
      "name": "redshift_inbound",
      "each": "list",
      "provider": "provider.aws",
      "instances": []
    },
    {
      "module": "module.vpc",
      "mode": "managed",
      "type": "aws_network_acl_rule",
      "name": "redshift_outbound",
      "each": "list",
      "provider": "provider.aws",
      "instances": []
    },
    {
      "module": "module.vpc",
      "mode": "managed",
      "type": "aws_redshift_subnet_group",
      "name": "redshift",
      "each": "list",
      "provider": "provider.aws",
      "instances": []
    },
    {
      "module": "module.vpc",
      "mode": "managed",
      "type": "aws_route",
      "name": "database_internet_gateway",
      "each": "list",
      "provider": "provider.aws",
      "instances": []
    },
    {
      "module": "module.vpc",
      "mode": "managed",
      "type": "aws_route",
      "name": "database_ipv6_egress",
      "each": "list",
      "provider": "provider.aws",
      "instances": []
    },
    {
      "module": "module.vpc",
      "mode": "managed",
      "type": "aws_route",
      "name": "database_nat_gateway",
      "each": "list",
      "provider": "provider.aws",
      "instances": []
    },
    {
      "module": "module.vpc",
      "mode": "managed",
      "type": "aws_route",
      "name": "private_ipv6_egress",
      "each": "list",
      "provider": "provider.aws",
      "instances": []
    },
    {
      "module": "module.vpc",
      "mode": "managed",
      "type": "aws_route",
      "name": "private_nat_gateway",
      "each": "list",
      "provider": "provider.aws",
      "instances": [
        {
          "index_key": 0,
          "schema_version": 0,
          "attributes": {
            "destination_cidr_block": "0.0.0.0/0",
            "destination_ipv6_cidr_block": null,
            "destination_prefix_list_id": "",
            "egress_only_gateway_id": "",
            "gateway_id": "",
            "id": "r-rtb-06a201ab24a1b69ff1080289494",
            "instance_id": "",
            "instance_owner_id": "",
            "nat_gateway_id": "nat-0af858eda8613398a",
            "network_interface_id": "",
            "origin": "CreateRoute",
            "route_table_id": "rtb-06a201ab24a1b69ff",
            "state": "active",
            "timeouts": {
              "create": "5m",
              "delete": null
            },
            "transit_gateway_id": "",
            "vpc_peering_connection_id": ""
          },
          "private": "eyJlMmJmYjczMC1lY2FhLTExZTYtOGY4OC0zNDM2M2JjN2M0YzAiOnsiY3JlYXRlIjozMDAwMDAwMDAwMDAsImRlbGV0ZSI6MzAwMDAwMDAwMDAwfX0=",
          "depends_on": [
            "aws_nat_gateway.this",
            "aws_route_table.private"
          ]
        }
      ]
    },
    {
      "module": "module.vpc",
      "mode": "managed",
      "type": "aws_route",
      "name": "public_internet_gateway",
      "each": "list",
      "provider": "provider.aws",
      "instances": [
        {
          "index_key": 0,
          "schema_version": 0,
          "attributes": {
            "destination_cidr_block": "0.0.0.0/0",
            "destination_ipv6_cidr_block": null,
            "destination_prefix_list_id": "",
            "egress_only_gateway_id": "",
            "gateway_id": "igw-01e675bacd1a99f8d",
            "id": "r-rtb-04cafadcdc0c86b661080289494",
            "instance_id": "",
            "instance_owner_id": "",
            "nat_gateway_id": "",
            "network_interface_id": "",
            "origin": "CreateRoute",
            "route_table_id": "rtb-04cafadcdc0c86b66",
            "state": "active",
            "timeouts": {
              "create": "5m",
              "delete": null
            },
            "transit_gateway_id": "",
            "vpc_peering_connection_id": ""
          },
          "private": "eyJlMmJmYjczMC1lY2FhLTExZTYtOGY4OC0zNDM2M2JjN2M0YzAiOnsiY3JlYXRlIjozMDAwMDAwMDAwMDAsImRlbGV0ZSI6MzAwMDAwMDAwMDAwfX0=",
          "depends_on": [
            "aws_internet_gateway.this[0]",
            "aws_route_table.public[0]"
          ]
        }
      ]
    },
    {
      "module": "module.vpc",
      "mode": "managed",
      "type": "aws_route",
      "name": "public_internet_gateway_ipv6",
      "each": "list",
      "provider": "provider.aws",
      "instances": []
    },
    {
      "mode": "managed",
      "type": "aws_route53_record",
      "name": "acm_validation",
      "each": "map",
      "provider": "provider.aws",
      "instances": [
        {
          "index_key": "joshuaspence.com",
          "schema_version": 2,
          "attributes": {
            "alias": [],
            "allow_overwrite": null,
            "failover_routing_policy": [],
            "fqdn": "_e86cb415369ca865127a738215805d77.joshuaspence.com",
            "geolocation_routing_policy": [],
            "health_check_id": "",
            "id": "Z1SFL0VXBIY1JB__e86cb415369ca865127a738215805d77.joshuaspence.com._CNAME",
            "latency_routing_policy": [],
            "multivalue_answer_routing_policy": null,
            "name": "_e86cb415369ca865127a738215805d77.joshuaspence.com",
            "records": [
              "_7bd0c247cd2ed0c16647e84d6d13e46e.duyqrilejt.acm-validations.aws."
            ],
            "set_identifier": "",
            "ttl": 60,
            "type": "CNAME",
            "weighted_routing_policy": [],
            "zone_id": "Z1SFL0VXBIY1JB"
          },
          "private": "eyJzY2hlbWFfdmVyc2lvbiI6IjIifQ==",
          "depends_on": [
            "aws_acm_certificate.main",
            "aws_route53_zone.main"
          ]
        },
        {
          "index_key": "joshuaspence.com.au",
          "schema_version": 2,
          "attributes": {
            "alias": [],
            "allow_overwrite": null,
            "failover_routing_policy": [],
            "fqdn": "_4bc786af956f35a1d917434a6d3c5734.joshuaspence.com.au",
            "geolocation_routing_policy": [],
            "health_check_id": "",
            "id": "Z29OQ54RWQRRP3__4bc786af956f35a1d917434a6d3c5734.joshuaspence.com.au._CNAME",
            "latency_routing_policy": [],
            "multivalue_answer_routing_policy": null,
            "name": "_4bc786af956f35a1d917434a6d3c5734.joshuaspence.com.au",
            "records": [
              "_fbb872a994b69cf536261752c36cd42e.duyqrilejt.acm-validations.aws."
            ],
            "set_identifier": "",
            "ttl": 60,
            "type": "CNAME",
            "weighted_routing_policy": [],
            "zone_id": "Z29OQ54RWQRRP3"
          },
          "private": "eyJzY2hlbWFfdmVyc2lvbiI6IjIifQ==",
          "depends_on": [
            "aws_acm_certificate.main",
            "aws_route53_zone.main"
          ]
        }
      ]
    },
    {
      "mode": "managed",
      "type": "aws_route53_record",
      "name": "dkim",
      "each": "map",
      "provider": "provider.aws",
      "instances": [
        {
          "index_key": "joshuaspence.com",
          "schema_version": 2,
          "attributes": {
            "alias": [],
            "allow_overwrite": null,
            "failover_routing_policy": [],
            "fqdn": "google._domainkey.joshuaspence.com",
            "geolocation_routing_policy": [],
            "health_check_id": "",
            "id": "Z1SFL0VXBIY1JB_google._domainkey_TXT",
            "latency_routing_policy": [],
            "multivalue_answer_routing_policy": null,
            "name": "google._domainkey",
            "records": [
              "v=DKIM1; k=rsa; p=MIGfMA0GCSqGSIb3DQEBAQUAA4GNADCBiQKBgQC+NreQPu/w8G6yacO/UFBo8TA1sWhStJDtDkeelHymiNuDKTsq5zckGhrqxBjKOnVgDxE5rbdTL5ByS8bHnF0AgtXAKUkuNBfNpkUaud0hbW1qbVy7ijn629KKKJ/NzuoAUtO+EfJWoWeNfK/AT3Ipe84NyjolVmbPP66lm6vxFwIDAQAB"
            ],
            "set_identifier": "",
            "ttl": 3600,
            "type": "TXT",
            "weighted_routing_policy": [],
            "zone_id": "Z1SFL0VXBIY1JB"
          }
        },
        {
          "index_key": "joshuaspence.com.au",
          "schema_version": 2,
          "attributes": {
            "alias": [],
            "allow_overwrite": null,
            "failover_routing_policy": [],
            "fqdn": "google._domainkey.joshuaspence.com.au",
            "geolocation_routing_policy": [],
            "health_check_id": "",
            "id": "Z29OQ54RWQRRP3_google._domainkey_TXT",
            "latency_routing_policy": [],
            "multivalue_answer_routing_policy": null,
            "name": "google._domainkey",
            "records": [
              "v=DKIM1; k=rsa; p=MIGfMA0GCSqGSIb3DQEBAQUAA4GNADCBiQKBgQCAjWainf+pFKnIfV50dzBD6xuxK5+mZSdZ0iWJ3nyf5TKhdnkiRn/6yvgVIqxLQUAZijNonliq6Sjw9ZSd9HWGJHWiMNXmOfjiqkCnLpZcPrVYPnG+YLhznNcF0/5Y3mRU4r/BCQlNz95k6Z88gJ7aX6t3zZr/VPekhasgWLztWQIDAQAB"
            ],
            "set_identifier": "",
            "ttl": 3600,
            "type": "TXT",
            "weighted_routing_policy": [],
            "zone_id": "Z29OQ54RWQRRP3"
          }
        }
      ]
    },
    {
      "mode": "managed",
      "type": "aws_route53_record",
      "name": "dmarc",
      "each": "map",
      "provider": "provider.aws",
      "instances": [
        {
          "index_key": "joshuaspence.com",
          "schema_version": 2,
          "attributes": {
            "alias": [],
            "allow_overwrite": false,
            "failover_routing_policy": [],
            "fqdn": "_dmarc.joshuaspence.com",
            "geolocation_routing_policy": [],
            "health_check_id": "",
            "id": "Z1SFL0VXBIY1JB__dmarc_TXT",
            "latency_routing_policy": [],
            "multivalue_answer_routing_policy": null,
            "name": "_dmarc",
            "records": [
              "v=DMARC1; p=none; rua=dmarc@joshuaspence.com"
            ],
            "set_identifier": "",
            "ttl": 3600,
            "type": "TXT",
            "weighted_routing_policy": [],
            "zone_id": "Z1SFL0VXBIY1JB"
          },
          "private": "eyJzY2hlbWFfdmVyc2lvbiI6IjIifQ==",
          "depends_on": [
            "aws_route53_zone.main",
            "gsuite_group.dmarc_reports"
          ]
        },
        {
          "index_key": "joshuaspence.com.au",
          "schema_version": 2,
          "attributes": {
            "alias": [],
            "allow_overwrite": false,
            "failover_routing_policy": [],
            "fqdn": "_dmarc.joshuaspence.com.au",
            "geolocation_routing_policy": [],
            "health_check_id": "",
            "id": "Z29OQ54RWQRRP3__dmarc_TXT",
            "latency_routing_policy": [],
            "multivalue_answer_routing_policy": null,
            "name": "_dmarc",
            "records": [
              "v=DMARC1; p=none; rua=dmarc@joshuaspence.com"
            ],
            "set_identifier": "",
            "ttl": 3600,
            "type": "TXT",
            "weighted_routing_policy": [],
            "zone_id": "Z29OQ54RWQRRP3"
          },
          "private": "eyJzY2hlbWFfdmVyc2lvbiI6IjIifQ==",
          "depends_on": [
            "aws_route53_zone.main",
            "gsuite_group.dmarc_reports"
          ]
        }
      ]
    },
    {
      "mode": "managed",
      "type": "aws_route53_record",
      "name": "google_site_verification",
      "each": "map",
      "provider": "provider.aws",
      "instances": [
        {
          "index_key": "joshuaspence.com",
          "schema_version": 2,
          "attributes": {
            "alias": [],
            "allow_overwrite": null,
            "failover_routing_policy": [],
            "fqdn": "a6bfmanqta6v.joshuaspence.com",
            "geolocation_routing_policy": [],
            "health_check_id": "",
            "id": "Z1SFL0VXBIY1JB_a6bfmanqta6v_CNAME",
            "latency_routing_policy": [],
            "multivalue_answer_routing_policy": null,
            "name": "a6bfmanqta6v",
            "records": [
              "gv-7cfhlaayo7k56n.dv.googlehosted.com"
            ],
            "set_identifier": "",
            "ttl": 86400,
            "type": "CNAME",
            "weighted_routing_policy": [],
            "zone_id": "Z1SFL0VXBIY1JB"
          },
          "private": "eyJzY2hlbWFfdmVyc2lvbiI6IjIifQ==",
          "depends_on": [
            "aws_route53_zone.main"
          ]
        },
        {
          "index_key": "joshuaspence.com.au",
          "schema_version": 2,
          "attributes": {
            "alias": [],
            "allow_overwrite": null,
            "failover_routing_policy": [],
            "fqdn": "wbgozhdmu5fo.joshuaspence.com.au",
            "geolocation_routing_policy": [],
            "health_check_id": "",
            "id": "Z29OQ54RWQRRP3_wbgozhdmu5fo_CNAME",
            "latency_routing_policy": [],
            "multivalue_answer_routing_policy": null,
            "name": "wbgozhdmu5fo",
            "records": [
              "gv-ck24ekzqntivoz.dv.googlehosted.com"
            ],
            "set_identifier": "",
            "ttl": 86400,
            "type": "CNAME",
            "weighted_routing_policy": [],
            "zone_id": "Z29OQ54RWQRRP3"
          },
          "private": "eyJzY2hlbWFfdmVyc2lvbiI6IjIifQ==",
          "depends_on": [
            "aws_route53_zone.main"
          ]
        }
      ]
    },
    {
      "mode": "managed",
      "type": "aws_route53_record",
      "name": "mx",
      "each": "map",
      "provider": "provider.aws",
      "instances": [
        {
          "index_key": "joshuaspence.com",
          "schema_version": 2,
          "attributes": {
            "alias": [],
            "allow_overwrite": null,
            "failover_routing_policy": [],
            "fqdn": "joshuaspence.com",
            "geolocation_routing_policy": [],
            "health_check_id": "",
            "id": "Z1SFL0VXBIY1JB__MX",
            "latency_routing_policy": [],
            "multivalue_answer_routing_policy": null,
            "name": "",
            "records": [
              "1 aspmx.l.google.com.",
              "10 alt3.aspmx.l.google.com.",
              "10 alt4.aspmx.l.google.com.",
              "5 alt1.aspmx.l.google.com.",
              "5 alt2.aspmx.l.google.com."
            ],
            "set_identifier": "",
            "ttl": 3600,
            "type": "MX",
            "weighted_routing_policy": [],
            "zone_id": "Z1SFL0VXBIY1JB"
          },
          "private": "eyJzY2hlbWFfdmVyc2lvbiI6IjIifQ==",
          "depends_on": [
            "aws_route53_zone.main"
          ]
        },
        {
          "index_key": "joshuaspence.com.au",
          "schema_version": 2,
          "attributes": {
            "alias": [],
            "allow_overwrite": null,
            "failover_routing_policy": [],
            "fqdn": "joshuaspence.com.au",
            "geolocation_routing_policy": [],
            "health_check_id": "",
            "id": "Z29OQ54RWQRRP3__MX",
            "latency_routing_policy": [],
            "multivalue_answer_routing_policy": null,
            "name": "",
            "records": [
              "1 aspmx.l.google.com.",
              "10 alt3.aspmx.l.google.com.",
              "10 alt4.aspmx.l.google.com.",
              "5 alt1.aspmx.l.google.com.",
              "5 alt2.aspmx.l.google.com."
            ],
            "set_identifier": "",
            "ttl": 3600,
            "type": "MX",
            "weighted_routing_policy": [],
            "zone_id": "Z29OQ54RWQRRP3"
          },
          "private": "eyJzY2hlbWFfdmVyc2lvbiI6IjIifQ==",
          "depends_on": [
            "aws_route53_zone.main"
          ]
        }
      ]
    },
    {
      "mode": "managed",
      "type": "aws_route53_record",
      "name": "spf",
      "each": "map",
      "provider": "provider.aws",
      "instances": [
        {
          "index_key": "joshuaspence.com",
          "schema_version": 2,
          "attributes": {
            "alias": [],
            "allow_overwrite": null,
            "failover_routing_policy": [],
            "fqdn": "joshuaspence.com",
            "geolocation_routing_policy": [],
            "health_check_id": "",
            "id": "Z1SFL0VXBIY1JB__TXT",
            "latency_routing_policy": [],
            "multivalue_answer_routing_policy": null,
            "name": "",
            "records": [
              "v=spf1 include:_spf.google.com ~all"
            ],
            "set_identifier": "",
            "ttl": 3600,
            "type": "TXT",
            "weighted_routing_policy": [],
            "zone_id": "Z1SFL0VXBIY1JB"
          },
          "private": "eyJzY2hlbWFfdmVyc2lvbiI6IjIifQ==",
          "depends_on": [
            "aws_route53_zone.main"
          ]
        },
        {
          "index_key": "joshuaspence.com.au",
          "schema_version": 2,
          "attributes": {
            "alias": [],
            "allow_overwrite": null,
            "failover_routing_policy": [],
            "fqdn": "joshuaspence.com.au",
            "geolocation_routing_policy": [],
            "health_check_id": "",
            "id": "Z29OQ54RWQRRP3__TXT",
            "latency_routing_policy": [],
            "multivalue_answer_routing_policy": null,
            "name": "",
            "records": [
              "v=spf1 include:_spf.google.com ~all"
            ],
            "set_identifier": "",
            "ttl": 3600,
            "type": "TXT",
            "weighted_routing_policy": [],
            "zone_id": "Z29OQ54RWQRRP3"
          },
          "private": "eyJzY2hlbWFfdmVyc2lvbiI6IjIifQ==",
          "depends_on": [
            "aws_route53_zone.main"
          ]
        }
      ]
    },
    {
      "mode": "managed",
      "type": "aws_route53_zone",
      "name": "main",
      "each": "map",
      "provider": "provider.aws",
      "instances": [
        {
          "index_key": "joshuaspence.com",
          "schema_version": 0,
          "attributes": {
            "comment": "Managed by Terraform",
            "delegation_set_id": "",
            "force_destroy": null,
            "id": "Z1SFL0VXBIY1JB",
            "name": "joshuaspence.com.",
            "name_servers": [
              "ns-1118.awsdns-11.org",
              "ns-1755.awsdns-27.co.uk",
              "ns-399.awsdns-49.com",
              "ns-836.awsdns-40.net"
            ],
            "tags": {},
            "vpc": [],
            "vpc_id": null,
            "vpc_region": null,
            "zone_id": "Z1SFL0VXBIY1JB"
          }
        },
        {
          "index_key": "joshuaspence.com.au",
          "schema_version": 0,
          "attributes": {
            "comment": "Managed by Terraform",
            "delegation_set_id": "",
            "force_destroy": false,
            "id": "Z29OQ54RWQRRP3",
            "name": "joshuaspence.com.au.",
            "name_servers": [
              "ns-1283.awsdns-32.org",
              "ns-1562.awsdns-03.co.uk",
              "ns-440.awsdns-55.com",
              "ns-731.awsdns-27.net"
            ],
            "tags": {},
            "vpc": [],
            "vpc_id": null,
            "vpc_region": null,
            "zone_id": "Z29OQ54RWQRRP3"
          }
        }
      ]
    },
    {
      "mode": "managed",
      "type": "aws_route53_zone",
      "name": "private",
      "provider": "provider.aws",
      "instances": [
        {
          "schema_version": 0,
          "attributes": {
            "comment": "Managed by Terraform",
            "delegation_set_id": "",
            "force_destroy": false,
            "id": "Z01668183P848DA2YA5YC",
            "name": "private.",
            "name_servers": [
              "ns-0.awsdns-00.com.",
              "ns-1024.awsdns-00.org.",
              "ns-1536.awsdns-00.co.uk.",
              "ns-512.awsdns-00.net."
            ],
            "tags": null,
            "vpc": [
              {
                "vpc_id": "vpc-0bfb378d00fc60712",
                "vpc_region": "ap-southeast-2"
              }
            ],
            "vpc_id": null,
            "vpc_region": null,
            "zone_id": "Z01668183P848DA2YA5YC"
          },
          "private": "bnVsbA==",
          "depends_on": [
            "module.vpc"
          ]
        }
      ]
    },
    {
      "module": "module.vpc",
      "mode": "managed",
      "type": "aws_route_table",
      "name": "database",
      "each": "list",
      "provider": "provider.aws",
      "instances": []
    },
    {
      "module": "module.vpc",
      "mode": "managed",
      "type": "aws_route_table",
      "name": "elasticache",
      "each": "list",
      "provider": "provider.aws",
      "instances": []
    },
    {
      "module": "module.vpc",
      "mode": "managed",
      "type": "aws_route_table",
      "name": "intra",
      "each": "list",
      "provider": "provider.aws",
      "instances": []
    },
    {
      "module": "module.vpc",
      "mode": "managed",
      "type": "aws_route_table",
      "name": "private",
      "each": "list",
      "provider": "provider.aws",
      "instances": [
        {
          "index_key": 0,
          "schema_version": 0,
          "attributes": {
            "id": "rtb-06a201ab24a1b69ff",
            "owner_id": "287139315271",
            "propagating_vgws": [],
            "route": [
              {
                "cidr_block": "0.0.0.0/0",
                "egress_only_gateway_id": "",
                "gateway_id": "",
                "instance_id": "",
                "ipv6_cidr_block": "",
                "nat_gateway_id": "nat-0af858eda8613398a",
                "network_interface_id": "",
                "transit_gateway_id": "",
                "vpc_peering_connection_id": ""
              }
            ],
            "tags": {
              "Name": "main-private"
            },
            "vpc_id": "vpc-0bfb378d00fc60712"
          },
          "private": "bnVsbA=="
        }
      ]
    },
    {
      "module": "module.vpc",
      "mode": "managed",
      "type": "aws_route_table",
      "name": "public",
      "each": "list",
      "provider": "provider.aws",
      "instances": [
        {
          "index_key": 0,
          "schema_version": 0,
          "attributes": {
            "id": "rtb-04cafadcdc0c86b66",
            "owner_id": "287139315271",
            "propagating_vgws": [],
            "route": [
              {
                "cidr_block": "0.0.0.0/0",
                "egress_only_gateway_id": "",
                "gateway_id": "igw-01e675bacd1a99f8d",
                "instance_id": "",
                "ipv6_cidr_block": "",
                "nat_gateway_id": "",
                "network_interface_id": "",
                "transit_gateway_id": "",
                "vpc_peering_connection_id": ""
              }
            ],
            "tags": {
              "Name": "main-public"
            },
            "vpc_id": "vpc-0bfb378d00fc60712"
          },
          "private": "bnVsbA=="
        }
      ]
    },
    {
      "module": "module.vpc",
      "mode": "managed",
      "type": "aws_route_table",
      "name": "redshift",
      "each": "list",
      "provider": "provider.aws",
      "instances": []
    },
    {
      "module": "module.vpc",
      "mode": "managed",
      "type": "aws_route_table_association",
      "name": "database",
      "each": "list",
      "provider": "provider.aws",
      "instances": []
    },
    {
      "module": "module.vpc",
      "mode": "managed",
      "type": "aws_route_table_association",
      "name": "elasticache",
      "each": "list",
      "provider": "provider.aws",
      "instances": []
    },
    {
      "module": "module.vpc",
      "mode": "managed",
      "type": "aws_route_table_association",
      "name": "intra",
      "each": "list",
      "provider": "provider.aws",
      "instances": []
    },
    {
      "module": "module.vpc",
      "mode": "managed",
      "type": "aws_route_table_association",
      "name": "private",
      "each": "list",
      "provider": "provider.aws",
      "instances": [
        {
          "index_key": 0,
          "schema_version": 0,
          "attributes": {
            "id": "rtbassoc-0fc6d827b9feb3732",
            "route_table_id": "rtb-06a201ab24a1b69ff",
            "subnet_id": "subnet-0011627f64363cd46"
          },
          "private": "bnVsbA==",
          "depends_on": [
            "aws_route_table.private",
            "aws_subnet.private"
          ]
        },
        {
          "index_key": 1,
          "schema_version": 0,
          "attributes": {
            "id": "rtbassoc-0a487f1fc1748f385",
            "route_table_id": "rtb-06a201ab24a1b69ff",
            "subnet_id": "subnet-03d0134364d161d6a"
          },
          "private": "bnVsbA==",
          "depends_on": [
            "aws_route_table.private",
            "aws_subnet.private"
          ]
        }
      ]
    },
    {
      "module": "module.vpc",
      "mode": "managed",
      "type": "aws_route_table_association",
      "name": "public",
      "each": "list",
      "provider": "provider.aws",
      "instances": [
        {
          "index_key": 0,
          "schema_version": 0,
          "attributes": {
            "id": "rtbassoc-08aa8964d3eb57769",
            "route_table_id": "rtb-04cafadcdc0c86b66",
            "subnet_id": "subnet-0a96e03794f95a700"
          },
          "private": "bnVsbA==",
          "depends_on": [
            "aws_route_table.public[0]",
            "aws_subnet.public"
          ]
        },
        {
          "index_key": 1,
          "schema_version": 0,
          "attributes": {
            "id": "rtbassoc-0f80d9887e925f2d3",
            "route_table_id": "rtb-04cafadcdc0c86b66",
            "subnet_id": "subnet-053ca77255581a916"
          },
          "private": "bnVsbA==",
          "depends_on": [
            "aws_route_table.public[0]",
            "aws_subnet.public"
          ]
        }
      ]
    },
    {
      "module": "module.vpc",
      "mode": "managed",
      "type": "aws_route_table_association",
      "name": "redshift",
      "each": "list",
      "provider": "provider.aws",
      "instances": []
    },
    {
      "module": "module.vpc",
      "mode": "managed",
      "type": "aws_route_table_association",
      "name": "redshift_public",
      "each": "list",
      "provider": "provider.aws",
      "instances": []
    },
    {
      "module": "module.eks",
      "mode": "managed",
      "type": "aws_security_group",
      "name": "cluster",
      "each": "list",
      "provider": "provider.aws",
      "instances": [
        {
          "index_key": 0,
          "schema_version": 1,
          "attributes": {
            "arn": "arn:aws:ec2:ap-southeast-2:287139315271:security-group/sg-074fcf7cff93bad53",
            "description": "EKS cluster security group.",
            "egress": [],
            "id": "sg-074fcf7cff93bad53",
            "ingress": [],
            "name": "main20191013233443349000000002",
            "name_prefix": "main",
            "owner_id": "287139315271",
            "revoke_rules_on_delete": false,
            "tags": {
              "Name": "main-eks_cluster_sg"
            },
            "timeouts": null,
            "vpc_id": "vpc-0bfb378d00fc60712"
          },
          "private": "eyJlMmJmYjczMC1lY2FhLTExZTYtOGY4OC0zNDM2M2JjN2M0YzAiOnsiY3JlYXRlIjo2MDAwMDAwMDAwMDAsImRlbGV0ZSI6NjAwMDAwMDAwMDAwfSwic2NoZW1hX3ZlcnNpb24iOiIxIn0="
        }
      ]
    },
    {
      "module": "module.eks",
      "mode": "managed",
      "type": "aws_security_group",
      "name": "workers",
      "each": "list",
      "provider": "provider.aws",
      "instances": [
        {
          "index_key": 0,
          "schema_version": 1,
          "attributes": {
            "arn": "arn:aws:ec2:ap-southeast-2:287139315271:security-group/sg-0305238e23f291197",
            "description": "Security group for all nodes in the cluster.",
            "egress": [],
            "id": "sg-0305238e23f291197",
            "ingress": [],
            "name": "main20191013234918215000000003",
            "name_prefix": "main",
            "owner_id": "287139315271",
            "revoke_rules_on_delete": false,
            "tags": {
              "Name": "main-eks_worker_sg",
              "kubernetes.io/cluster/main": "owned"
            },
            "timeouts": null,
            "vpc_id": "vpc-0bfb378d00fc60712"
          },
          "private": "eyJlMmJmYjczMC1lY2FhLTExZTYtOGY4OC0zNDM2M2JjN2M0YzAiOnsiY3JlYXRlIjo2MDAwMDAwMDAwMDAsImRlbGV0ZSI6NjAwMDAwMDAwMDAwfSwic2NoZW1hX3ZlcnNpb24iOiIxIn0=",
          "depends_on": [
            "aws_eks_cluster.this"
          ]
        }
      ]
    },
    {
      "module": "module.eks",
      "mode": "managed",
      "type": "aws_security_group_rule",
      "name": "cluster_egress_internet",
      "each": "list",
      "provider": "provider.aws",
      "instances": [
        {
          "index_key": 0,
          "schema_version": 2,
          "attributes": {
            "cidr_blocks": [
              "0.0.0.0/0"
            ],
            "description": "Allow cluster egress access to the Internet.",
            "from_port": 0,
            "id": "sgrule-3172303091",
            "ipv6_cidr_blocks": null,
            "prefix_list_ids": null,
            "protocol": "-1",
            "security_group_id": "sg-074fcf7cff93bad53",
            "self": false,
            "source_security_group_id": null,
            "to_port": 0,
            "type": "egress"
          },
          "private": "eyJzY2hlbWFfdmVyc2lvbiI6IjIifQ==",
          "depends_on": [
            "aws_security_group.cluster[0]"
          ]
        }
      ]
    },
    {
      "module": "module.eks",
      "mode": "managed",
      "type": "aws_security_group_rule",
      "name": "cluster_https_worker_ingress",
      "each": "list",
      "provider": "provider.aws",
      "instances": [
        {
          "index_key": 0,
          "schema_version": 2,
          "attributes": {
            "cidr_blocks": null,
            "description": "Allow pods to communicate with the EKS cluster API.",
            "from_port": 443,
            "id": "sgrule-3416895145",
            "ipv6_cidr_blocks": null,
            "prefix_list_ids": null,
            "protocol": "tcp",
            "security_group_id": "sg-074fcf7cff93bad53",
            "self": false,
            "source_security_group_id": "sg-0305238e23f291197",
            "to_port": 443,
            "type": "ingress"
          },
          "private": "eyJzY2hlbWFfdmVyc2lvbiI6IjIifQ==",
          "depends_on": [
            "aws_security_group.cluster[0]"
          ]
        }
      ]
    },
    {
      "module": "module.eks",
      "mode": "managed",
      "type": "aws_security_group_rule",
      "name": "workers_egress_internet",
      "each": "list",
      "provider": "provider.aws",
      "instances": [
        {
          "index_key": 0,
          "schema_version": 2,
          "attributes": {
            "cidr_blocks": [
              "0.0.0.0/0"
            ],
            "description": "Allow nodes all egress to the Internet.",
            "from_port": 0,
            "id": "sgrule-1326439670",
            "ipv6_cidr_blocks": null,
            "prefix_list_ids": null,
            "protocol": "-1",
            "security_group_id": "sg-0305238e23f291197",
            "self": false,
            "source_security_group_id": null,
            "to_port": 0,
            "type": "egress"
          },
          "private": "eyJzY2hlbWFfdmVyc2lvbiI6IjIifQ==",
          "depends_on": [
            "aws_security_group.workers[0]"
          ]
        }
      ]
    },
    {
      "module": "module.eks",
      "mode": "managed",
      "type": "aws_security_group_rule",
      "name": "workers_ingress_cluster",
      "each": "list",
      "provider": "provider.aws",
      "instances": [
        {
          "index_key": 0,
          "schema_version": 2,
          "attributes": {
            "cidr_blocks": null,
            "description": "Allow workers pods to receive communication from the cluster control plane.",
            "from_port": 1025,
            "id": "sgrule-4031374098",
            "ipv6_cidr_blocks": null,
            "prefix_list_ids": null,
            "protocol": "tcp",
            "security_group_id": "sg-0305238e23f291197",
            "self": false,
            "source_security_group_id": "sg-074fcf7cff93bad53",
            "to_port": 65535,
            "type": "ingress"
          },
          "private": "eyJzY2hlbWFfdmVyc2lvbiI6IjIifQ==",
          "depends_on": [
            "aws_security_group.workers[0]"
          ]
        }
      ]
    },
    {
      "module": "module.eks",
      "mode": "managed",
      "type": "aws_security_group_rule",
      "name": "workers_ingress_cluster_https",
      "each": "list",
      "provider": "provider.aws",
      "instances": [
        {
          "index_key": 0,
          "schema_version": 2,
          "attributes": {
            "cidr_blocks": null,
            "description": "Allow pods running extension API servers on port 443 to receive communication from cluster control plane.",
            "from_port": 443,
            "id": "sgrule-2320209507",
            "ipv6_cidr_blocks": null,
            "prefix_list_ids": null,
            "protocol": "tcp",
            "security_group_id": "sg-0305238e23f291197",
            "self": false,
            "source_security_group_id": "sg-074fcf7cff93bad53",
            "to_port": 443,
            "type": "ingress"
          },
          "private": "eyJzY2hlbWFfdmVyc2lvbiI6IjIifQ==",
          "depends_on": [
            "aws_security_group.workers[0]"
          ]
        }
      ]
    },
    {
      "module": "module.eks",
      "mode": "managed",
      "type": "aws_security_group_rule",
      "name": "workers_ingress_cluster_kubelet",
      "each": "list",
      "provider": "provider.aws",
      "instances": []
    },
    {
      "module": "module.eks",
      "mode": "managed",
      "type": "aws_security_group_rule",
      "name": "workers_ingress_self",
      "each": "list",
      "provider": "provider.aws",
      "instances": [
        {
          "index_key": 0,
          "schema_version": 2,
          "attributes": {
            "cidr_blocks": null,
            "description": "Allow node to communicate with each other.",
            "from_port": 0,
            "id": "sgrule-3272609401",
            "ipv6_cidr_blocks": null,
            "prefix_list_ids": null,
            "protocol": "-1",
            "security_group_id": "sg-0305238e23f291197",
            "self": false,
            "source_security_group_id": "sg-0305238e23f291197",
            "to_port": 65535,
            "type": "ingress"
          },
          "private": "eyJzY2hlbWFfdmVyc2lvbiI6IjIifQ==",
          "depends_on": [
            "aws_security_group.workers[0]"
          ]
        }
      ]
    },
    {
      "module": "module.vpc",
      "mode": "managed",
      "type": "aws_subnet",
      "name": "database",
      "each": "list",
      "provider": "provider.aws",
      "instances": []
    },
    {
      "module": "module.vpc",
      "mode": "managed",
      "type": "aws_subnet",
      "name": "elasticache",
      "each": "list",
      "provider": "provider.aws",
      "instances": []
    },
    {
      "module": "module.vpc",
      "mode": "managed",
      "type": "aws_subnet",
      "name": "intra",
      "each": "list",
      "provider": "provider.aws",
      "instances": []
    },
    {
      "module": "module.vpc",
      "mode": "managed",
      "type": "aws_subnet",
      "name": "private",
      "each": "list",
      "provider": "provider.aws",
      "instances": [
        {
          "index_key": 0,
          "schema_version": 1,
          "attributes": {
            "arn": "arn:aws:ec2:ap-southeast-2:287139315271:subnet/subnet-0011627f64363cd46",
            "assign_ipv6_address_on_creation": false,
            "availability_zone": "ap-southeast-2b",
            "availability_zone_id": "apse2-az3",
            "cidr_block": "10.0.0.0/26",
            "id": "subnet-0011627f64363cd46",
            "ipv6_cidr_block": "",
            "ipv6_cidr_block_association_id": "",
            "map_public_ip_on_launch": false,
            "owner_id": "287139315271",
            "tags": {
              "Name": "main-private-ap-southeast-2b",
              "kubernetes.io/cluster/main": "shared",
              "kubernetes.io/role/internal-elb": "1"
            },
            "timeouts": null,
            "vpc_id": "vpc-0bfb378d00fc60712"
          },
          "private": "eyJlMmJmYjczMC1lY2FhLTExZTYtOGY4OC0zNDM2M2JjN2M0YzAiOnsiY3JlYXRlIjo2MDAwMDAwMDAwMDAsImRlbGV0ZSI6MTIwMDAwMDAwMDAwMH0sInNjaGVtYV92ZXJzaW9uIjoiMSJ9",
          "depends_on": [
            "aws_vpc.this[0]"
          ]
        },
        {
          "index_key": 1,
          "schema_version": 1,
          "attributes": {
            "arn": "arn:aws:ec2:ap-southeast-2:287139315271:subnet/subnet-03d0134364d161d6a",
            "assign_ipv6_address_on_creation": false,
            "availability_zone": "ap-southeast-2a",
            "availability_zone_id": "apse2-az1",
            "cidr_block": "10.0.0.64/26",
            "id": "subnet-03d0134364d161d6a",
            "ipv6_cidr_block": "",
            "ipv6_cidr_block_association_id": "",
            "map_public_ip_on_launch": false,
            "owner_id": "287139315271",
            "tags": {
              "Name": "main-private-ap-southeast-2a",
              "kubernetes.io/cluster/main": "shared",
              "kubernetes.io/role/internal-elb": "1"
            },
            "timeouts": null,
            "vpc_id": "vpc-0bfb378d00fc60712"
          },
          "private": "eyJlMmJmYjczMC1lY2FhLTExZTYtOGY4OC0zNDM2M2JjN2M0YzAiOnsiY3JlYXRlIjo2MDAwMDAwMDAwMDAsImRlbGV0ZSI6MTIwMDAwMDAwMDAwMH0sInNjaGVtYV92ZXJzaW9uIjoiMSJ9",
          "depends_on": [
            "aws_vpc.this[0]"
          ]
        }
      ]
    },
    {
      "module": "module.vpc",
      "mode": "managed",
      "type": "aws_subnet",
      "name": "public",
      "each": "list",
      "provider": "provider.aws",
      "instances": [
        {
          "index_key": 0,
          "schema_version": 1,
          "attributes": {
            "arn": "arn:aws:ec2:ap-southeast-2:287139315271:subnet/subnet-0a96e03794f95a700",
            "assign_ipv6_address_on_creation": false,
            "availability_zone": "ap-southeast-2b",
            "availability_zone_id": "apse2-az3",
            "cidr_block": "10.0.0.128/26",
            "id": "subnet-0a96e03794f95a700",
            "ipv6_cidr_block": "",
            "ipv6_cidr_block_association_id": "",
            "map_public_ip_on_launch": true,
            "owner_id": "287139315271",
            "tags": {
              "Name": "main-public-ap-southeast-2b",
              "kubernetes.io/cluster/main": "shared",
              "kubernetes.io/role/elb": "1"
            },
            "timeouts": null,
            "vpc_id": "vpc-0bfb378d00fc60712"
          },
          "private": "eyJlMmJmYjczMC1lY2FhLTExZTYtOGY4OC0zNDM2M2JjN2M0YzAiOnsiY3JlYXRlIjo2MDAwMDAwMDAwMDAsImRlbGV0ZSI6MTIwMDAwMDAwMDAwMH0sInNjaGVtYV92ZXJzaW9uIjoiMSJ9",
          "depends_on": [
            "aws_vpc.this[0]"
          ]
        },
        {
          "index_key": 1,
          "schema_version": 1,
          "attributes": {
            "arn": "arn:aws:ec2:ap-southeast-2:287139315271:subnet/subnet-053ca77255581a916",
            "assign_ipv6_address_on_creation": false,
            "availability_zone": "ap-southeast-2a",
            "availability_zone_id": "apse2-az1",
            "cidr_block": "10.0.0.192/26",
            "id": "subnet-053ca77255581a916",
            "ipv6_cidr_block": "",
            "ipv6_cidr_block_association_id": "",
            "map_public_ip_on_launch": true,
            "owner_id": "287139315271",
            "tags": {
              "Name": "main-public-ap-southeast-2a",
              "kubernetes.io/cluster/main": "shared",
              "kubernetes.io/role/elb": "1"
            },
            "timeouts": null,
            "vpc_id": "vpc-0bfb378d00fc60712"
          },
          "private": "eyJlMmJmYjczMC1lY2FhLTExZTYtOGY4OC0zNDM2M2JjN2M0YzAiOnsiY3JlYXRlIjo2MDAwMDAwMDAwMDAsImRlbGV0ZSI6MTIwMDAwMDAwMDAwMH0sInNjaGVtYV92ZXJzaW9uIjoiMSJ9",
          "depends_on": [
            "aws_vpc.this[0]"
          ]
        }
      ]
    },
    {
      "module": "module.vpc",
      "mode": "managed",
      "type": "aws_subnet",
      "name": "redshift",
      "each": "list",
      "provider": "provider.aws",
      "instances": []
    },
    {
      "module": "module.vpc",
      "mode": "managed",
      "type": "aws_vpc",
      "name": "this",
      "each": "list",
      "provider": "provider.aws",
      "instances": [
        {
          "index_key": 0,
          "schema_version": 1,
          "attributes": {
            "arn": "arn:aws:ec2:ap-southeast-2:287139315271:vpc/vpc-0bfb378d00fc60712",
            "assign_generated_ipv6_cidr_block": false,
            "cidr_block": "10.0.0.0/24",
            "default_network_acl_id": "acl-0cf3f87b36dfef3da",
            "default_route_table_id": "rtb-08f28f59dfc22b6a6",
            "default_security_group_id": "sg-00a908c933d3157f9",
            "dhcp_options_id": "dopt-0dee8eff5c4ba4e19",
            "enable_classiclink": false,
            "enable_classiclink_dns_support": false,
            "enable_dns_hostnames": true,
            "enable_dns_support": true,
            "id": "vpc-0bfb378d00fc60712",
            "instance_tenancy": "default",
            "ipv6_association_id": "",
            "ipv6_cidr_block": "",
            "main_route_table_id": "rtb-08f28f59dfc22b6a6",
            "owner_id": "287139315271",
            "tags": {
              "Name": "main",
              "kubernetes.io/cluster/main": "shared"
            }
          },
          "private": "eyJzY2hlbWFfdmVyc2lvbiI6IjEifQ=="
        }
      ]
    },
    {
      "module": "module.vpc",
      "mode": "managed",
      "type": "aws_vpc_dhcp_options",
      "name": "this",
      "each": "list",
      "provider": "provider.aws",
      "instances": []
    },
    {
      "module": "module.vpc",
      "mode": "managed",
      "type": "aws_vpc_dhcp_options_association",
      "name": "this",
      "each": "list",
      "provider": "provider.aws",
      "instances": []
    },
    {
      "module": "module.vpc",
      "mode": "managed",
      "type": "aws_vpc_endpoint",
      "name": "apigw",
      "each": "list",
      "provider": "provider.aws",
      "instances": []
    },
    {
      "module": "module.vpc",
      "mode": "managed",
      "type": "aws_vpc_endpoint",
      "name": "appmesh_envoy_management",
      "each": "list",
      "provider": "provider.aws",
      "instances": []
    },
    {
      "module": "module.vpc",
      "mode": "managed",
      "type": "aws_vpc_endpoint",
      "name": "appstream",
      "each": "list",
      "provider": "provider.aws",
      "instances": []
    },
    {
      "module": "module.vpc",
      "mode": "managed",
      "type": "aws_vpc_endpoint",
      "name": "athena",
      "each": "list",
      "provider": "provider.aws",
      "instances": []
    },
    {
      "module": "module.vpc",
      "mode": "managed",
      "type": "aws_vpc_endpoint",
      "name": "cloudformation",
      "each": "list",
      "provider": "provider.aws",
      "instances": []
    },
    {
      "module": "module.vpc",
      "mode": "managed",
      "type": "aws_vpc_endpoint",
      "name": "cloudtrail",
      "each": "list",
      "provider": "provider.aws",
      "instances": []
    },
    {
      "module": "module.vpc",
      "mode": "managed",
      "type": "aws_vpc_endpoint",
      "name": "codebuild",
      "each": "list",
      "provider": "provider.aws",
      "instances": []
    },
    {
      "module": "module.vpc",
      "mode": "managed",
      "type": "aws_vpc_endpoint",
      "name": "codecommit",
      "each": "list",
      "provider": "provider.aws",
      "instances": []
    },
    {
      "module": "module.vpc",
      "mode": "managed",
      "type": "aws_vpc_endpoint",
      "name": "codepipeline",
      "each": "list",
      "provider": "provider.aws",
      "instances": []
    },
    {
      "module": "module.vpc",
      "mode": "managed",
      "type": "aws_vpc_endpoint",
      "name": "config",
      "each": "list",
      "provider": "provider.aws",
      "instances": []
    },
    {
      "module": "module.vpc",
      "mode": "managed",
      "type": "aws_vpc_endpoint",
      "name": "dynamodb",
      "each": "list",
      "provider": "provider.aws",
      "instances": []
    },
    {
      "module": "module.vpc",
      "mode": "managed",
      "type": "aws_vpc_endpoint",
      "name": "ec2",
      "each": "list",
      "provider": "provider.aws",
      "instances": []
    },
    {
      "module": "module.vpc",
      "mode": "managed",
      "type": "aws_vpc_endpoint",
      "name": "ec2messages",
      "each": "list",
      "provider": "provider.aws",
      "instances": []
    },
    {
      "module": "module.vpc",
      "mode": "managed",
      "type": "aws_vpc_endpoint",
      "name": "ecr_api",
      "each": "list",
      "provider": "provider.aws",
      "instances": []
    },
    {
      "module": "module.vpc",
      "mode": "managed",
      "type": "aws_vpc_endpoint",
      "name": "ecr_dkr",
      "each": "list",
      "provider": "provider.aws",
      "instances": []
    },
    {
      "module": "module.vpc",
      "mode": "managed",
      "type": "aws_vpc_endpoint",
      "name": "ecs",
      "each": "list",
      "provider": "provider.aws",
      "instances": []
    },
    {
      "module": "module.vpc",
      "mode": "managed",
      "type": "aws_vpc_endpoint",
      "name": "ecs_agent",
      "each": "list",
      "provider": "provider.aws",
      "instances": []
    },
    {
      "module": "module.vpc",
      "mode": "managed",
      "type": "aws_vpc_endpoint",
      "name": "ecs_telemetry",
      "each": "list",
      "provider": "provider.aws",
      "instances": []
    },
    {
      "module": "module.vpc",
      "mode": "managed",
      "type": "aws_vpc_endpoint",
      "name": "elasticloadbalancing",
      "each": "list",
      "provider": "provider.aws",
      "instances": []
    },
    {
      "module": "module.vpc",
      "mode": "managed",
      "type": "aws_vpc_endpoint",
      "name": "events",
      "each": "list",
      "provider": "provider.aws",
      "instances": []
    },
    {
      "module": "module.vpc",
      "mode": "managed",
      "type": "aws_vpc_endpoint",
      "name": "git_codecommit",
      "each": "list",
      "provider": "provider.aws",
      "instances": []
    },
    {
      "module": "module.vpc",
      "mode": "managed",
      "type": "aws_vpc_endpoint",
      "name": "glue",
      "each": "list",
      "provider": "provider.aws",
      "instances": []
    },
    {
      "module": "module.vpc",
      "mode": "managed",
      "type": "aws_vpc_endpoint",
      "name": "kinesis_firehose",
      "each": "list",
      "provider": "provider.aws",
      "instances": []
    },
    {
      "module": "module.vpc",
      "mode": "managed",
      "type": "aws_vpc_endpoint",
      "name": "kinesis_streams",
      "each": "list",
      "provider": "provider.aws",
      "instances": []
    },
    {
      "module": "module.vpc",
      "mode": "managed",
      "type": "aws_vpc_endpoint",
      "name": "kms",
      "each": "list",
      "provider": "provider.aws",
      "instances": []
    },
    {
      "module": "module.vpc",
      "mode": "managed",
      "type": "aws_vpc_endpoint",
      "name": "logs",
      "each": "list",
      "provider": "provider.aws",
      "instances": []
    },
    {
      "module": "module.vpc",
      "mode": "managed",
      "type": "aws_vpc_endpoint",
      "name": "monitoring",
      "each": "list",
      "provider": "provider.aws",
      "instances": []
    },
    {
      "module": "module.vpc",
      "mode": "managed",
      "type": "aws_vpc_endpoint",
      "name": "rekognition",
      "each": "list",
      "provider": "provider.aws",
      "instances": []
    },
    {
      "module": "module.vpc",
      "mode": "managed",
      "type": "aws_vpc_endpoint",
      "name": "s3",
      "each": "list",
      "provider": "provider.aws",
      "instances": []
    },
    {
      "module": "module.vpc",
      "mode": "managed",
      "type": "aws_vpc_endpoint",
      "name": "sagemaker_api",
      "each": "list",
      "provider": "provider.aws",
      "instances": []
    },
    {
      "module": "module.vpc",
      "mode": "managed",
      "type": "aws_vpc_endpoint",
      "name": "sagemaker_notebook",
      "each": "list",
      "provider": "provider.aws",
      "instances": []
    },
    {
      "module": "module.vpc",
      "mode": "managed",
      "type": "aws_vpc_endpoint",
      "name": "sagemaker_runtime",
      "each": "list",
      "provider": "provider.aws",
      "instances": []
    },
    {
      "module": "module.vpc",
      "mode": "managed",
      "type": "aws_vpc_endpoint",
      "name": "secretsmanager",
      "each": "list",
      "provider": "provider.aws",
      "instances": []
    },
    {
      "module": "module.vpc",
      "mode": "managed",
      "type": "aws_vpc_endpoint",
      "name": "servicecatalog",
      "each": "list",
      "provider": "provider.aws",
      "instances": []
    },
    {
      "module": "module.vpc",
      "mode": "managed",
      "type": "aws_vpc_endpoint",
      "name": "sns",
      "each": "list",
      "provider": "provider.aws",
      "instances": []
    },
    {
      "module": "module.vpc",
      "mode": "managed",
      "type": "aws_vpc_endpoint",
      "name": "sqs",
      "each": "list",
      "provider": "provider.aws",
      "instances": []
    },
    {
      "module": "module.vpc",
      "mode": "managed",
      "type": "aws_vpc_endpoint",
      "name": "ssm",
      "each": "list",
      "provider": "provider.aws",
      "instances": []
    },
    {
      "module": "module.vpc",
      "mode": "managed",
      "type": "aws_vpc_endpoint",
      "name": "ssmmessages",
      "each": "list",
      "provider": "provider.aws",
      "instances": []
    },
    {
      "module": "module.vpc",
      "mode": "managed",
      "type": "aws_vpc_endpoint",
      "name": "storagegateway",
      "each": "list",
      "provider": "provider.aws",
      "instances": []
    },
    {
      "module": "module.vpc",
      "mode": "managed",
      "type": "aws_vpc_endpoint",
      "name": "sts",
      "each": "list",
      "provider": "provider.aws",
      "instances": []
    },
    {
      "module": "module.vpc",
      "mode": "managed",
      "type": "aws_vpc_endpoint",
      "name": "transfer",
      "each": "list",
      "provider": "provider.aws",
      "instances": []
    },
    {
      "module": "module.vpc",
      "mode": "managed",
      "type": "aws_vpc_endpoint",
      "name": "transferserver",
      "each": "list",
      "provider": "provider.aws",
      "instances": []
    },
    {
      "module": "module.vpc",
      "mode": "managed",
      "type": "aws_vpc_endpoint_route_table_association",
      "name": "intra_dynamodb",
      "each": "list",
      "provider": "provider.aws",
      "instances": []
    },
    {
      "module": "module.vpc",
      "mode": "managed",
      "type": "aws_vpc_endpoint_route_table_association",
      "name": "intra_s3",
      "each": "list",
      "provider": "provider.aws",
      "instances": []
    },
    {
      "module": "module.vpc",
      "mode": "managed",
      "type": "aws_vpc_endpoint_route_table_association",
      "name": "private_dynamodb",
      "each": "list",
      "provider": "provider.aws",
      "instances": []
    },
    {
      "module": "module.vpc",
      "mode": "managed",
      "type": "aws_vpc_endpoint_route_table_association",
      "name": "private_s3",
      "each": "list",
      "provider": "provider.aws",
      "instances": []
    },
    {
      "module": "module.vpc",
      "mode": "managed",
      "type": "aws_vpc_endpoint_route_table_association",
      "name": "public_dynamodb",
      "each": "list",
      "provider": "provider.aws",
      "instances": []
    },
    {
      "module": "module.vpc",
      "mode": "managed",
      "type": "aws_vpc_endpoint_route_table_association",
      "name": "public_s3",
      "each": "list",
      "provider": "provider.aws",
      "instances": []
    },
    {
      "module": "module.vpc",
      "mode": "managed",
      "type": "aws_vpc_ipv4_cidr_block_association",
      "name": "this",
      "each": "list",
      "provider": "provider.aws",
      "instances": []
    },
    {
      "module": "module.vpc",
      "mode": "managed",
      "type": "aws_vpn_gateway",
      "name": "this",
      "each": "list",
      "provider": "provider.aws",
      "instances": []
    },
    {
      "module": "module.vpc",
      "mode": "managed",
      "type": "aws_vpn_gateway_attachment",
      "name": "this",
      "each": "list",
      "provider": "provider.aws",
      "instances": []
    },
    {
      "module": "module.vpc",
      "mode": "managed",
      "type": "aws_vpn_gateway_route_propagation",
      "name": "private",
      "each": "list",
      "provider": "provider.aws",
      "instances": []
    },
    {
      "module": "module.vpc",
      "mode": "managed",
      "type": "aws_vpn_gateway_route_propagation",
      "name": "public",
      "each": "list",
      "provider": "provider.aws",
      "instances": []
    },
    {
      "mode": "managed",
      "type": "gsuite_domain",
      "name": "main",
      "provider": "provider.gsuite",
      "instances": [
        {
          "schema_version": 0,
          "attributes": {
            "creation_time": null,
            "domain_name": "joshuaspence.com",
            "etag": "\"zPBZh0mDALCYqI7HMkUiX8qQjpg/RrM0biRiFy9mc1_-NcE9rdGlYcc\"",
            "id": "joshuaspence.com"
          }
        }
      ]
    },
    {
      "mode": "managed",
      "type": "gsuite_group",
      "name": "dmarc_reports",
      "provider": "provider.gsuite",
      "instances": [
        {
          "schema_version": 0,
          "attributes": {
            "admin_created": true,
            "aliases": [],
            "description": "",
            "direct_members_count": 1,
            "email": "dmarc@joshuaspence.com",
            "id": "01ksv4uv0iyyzyc",
            "name": "DMARC Reports",
            "non_editable_aliases": [
              "dmarc@joshuaspence.com.au"
            ]
          },
          "private": "bnVsbA==",
          "depends_on": [
            "gsuite_domain.main"
          ]
        }
      ]
    },
    {
      "mode": "managed",
      "type": "gsuite_group_members",
      "name": "dmarc_reports",
      "provider": "provider.gsuite",
      "instances": [
        {
          "schema_version": 0,
          "attributes": {
            "group_email": "dmarc@joshuaspence.com",
            "id": "dmarc@joshuaspence.com",
            "member": [
              {
                "email": "josh@joshuaspence.com",
                "etag": "\"xW2YlxjdVEsAJNu_Hp5Dnespo8s/92If7wC-ijQNLl1QBi1ZmzzmTdQ\"",
                "kind": "admin#directory#member",
                "role": "OWNER",
                "status": "ACTIVE",
                "type": "USER"
              }
            ]
          },
          "private": "bnVsbA==",
          "depends_on": [
            "gsuite_group.dmarc_reports",
            "gsuite_user.josh"
          ]
        }
      ]
    },
    {
      "mode": "managed",
      "type": "gsuite_group_settings",
      "name": "dmarc_reports",
      "provider": "provider.gsuite",
      "instances": [
        {
          "schema_version": 0,
          "attributes": {
            "allow_external_members": "false",
            "allow_google_communication": "false",
            "allow_web_posting": "true",
            "archive_only": "false",
            "custom_footer_text": "",
            "custom_reply_to": "",
            "description": "",
            "email": "dmarc@joshuaspence.com",
            "favorite_replies_on_top": "true",
            "id": "dmarc@joshuaspence.com",
            "include_custom_footer": "false",
            "include_in_global_address_list": "false",
            "is_archived": null,
            "kind": null,
            "max_message_bytes": 26214400,
            "members_can_post_as_the_group": "false",
            "message_display_font": "DEFAULT_FONT",
            "message_moderation_level": "MODERATE_NONE",
            "name": null,
            "primary_language": "",
            "reply_to": "REPLY_TO_IGNORE",
            "send_message_deny_notification": "false",
            "show_in_group_directory": "false",
            "spam_moderation_level": "MODERATE",
            "who_can_add": "ALL_MANAGERS_CAN_ADD",
            "who_can_add_references": "NONE",
            "who_can_approve_members": "ALL_MANAGERS_CAN_APPROVE",
            "who_can_approve_messages": "OWNERS_AND_MANAGERS",
            "who_can_assign_topics": "NONE",
            "who_can_assist_content": "NONE",
            "who_can_ban_users": "OWNERS_AND_MANAGERS",
            "who_can_contact_owner": "ANYONE_CAN_CONTACT",
            "who_can_delete_any_post": "OWNERS_AND_MANAGERS",
            "who_can_delete_topics": "OWNERS_AND_MANAGERS",
            "who_can_discover_group": "ALL_MEMBERS_CAN_DISCOVER",
            "who_can_enter_free_form_tags": "NONE",
            "who_can_hide_abuse": "NONE",
            "who_can_invite": "ALL_MANAGERS_CAN_INVITE",
            "who_can_join": "CAN_REQUEST_TO_JOIN",
            "who_can_leave_group": "ALL_MEMBERS_CAN_LEAVE",
            "who_can_lock_topics": "OWNERS_AND_MANAGERS",
            "who_can_make_topics_sticky": "NONE",
            "who_can_mark_duplicate": "NONE",
            "who_can_mark_favorite_reply_on_any_topic": "NONE",
            "who_can_mark_favorite_reply_on_own_topic": "NONE",
            "who_can_mark_no_response_needed": "NONE",
            "who_can_moderate_content": "OWNERS_AND_MANAGERS",
            "who_can_moderate_members": "OWNERS_AND_MANAGERS",
            "who_can_modify_members": "OWNERS_AND_MANAGERS",
            "who_can_modify_tags_and_categories": "NONE",
            "who_can_move_topics_in": "OWNERS_AND_MANAGERS",
            "who_can_move_topics_out": "OWNERS_AND_MANAGERS",
            "who_can_post_announcements": "OWNERS_AND_MANAGERS",
            "who_can_post_message": "ANYONE_CAN_POST",
            "who_can_take_topics": "NONE",
            "who_can_unassign_topic": "NONE",
            "who_can_unmark_favorite_reply_on_any_topic": "NONE",
            "who_can_view_group": "ALL_MEMBERS_CAN_VIEW",
            "who_can_view_membership": "ALL_MEMBERS_CAN_VIEW"
          },
          "private": "bnVsbA==",
          "depends_on": [
            "gsuite_group.dmarc_reports"
          ]
        }
      ]
    },
    {
      "mode": "managed",
      "type": "gsuite_user",
      "name": "josh",
      "provider": "provider.gsuite",
      "instances": [
        {
          "schema_version": 0,
          "attributes": {
            "2s_enforced": false,
            "2s_enrolled": true,
            "agreed_to_terms": null,
            "aliases": [
              "joshua@joshuaspence.com"
            ],
            "change_password_next_login": false,
            "creation_time": "2011-06-28T05:49:41.000Z",
            "custom_schema": [],
            "customer_id": "C011x7zpy",
            "deletion_time": "",
            "etag": "\"xW2YlxjdVEsAJNu_Hp5Dnespo8s/qo7AFEh9y95Wkt8sScK75-OSg_c\"",
            "external_ids": [],
            "hash_function": "",
            "id": "105721184412616725683",
            "include_in_global_list": true,
            "is_admin": true,
            "is_delegated_admin": false,
            "is_ip_whitelisted": false,
            "is_mailbox_setup": true,
            "is_suspended": false,
            "last_login_time": "2019-10-12T21:07:05.000Z",
            "name": {
              "family_name": "Spence",
              "given_name": "Joshua"
            },
            "org_unit_path": "/",
            "password": "",
            "posix_accounts": [],
            "primary_email": "josh@joshuaspence.com",
            "ssh_public_keys": [],
            "suspension_reason": ""
          },
          "private": "eyJzY2hlbWFfdmVyc2lvbiI6IjAifQ=="
        }
      ]
    },
    {
      "mode": "managed",
      "type": "kubernetes_config_map",
      "name": "aws_auth",
      "provider": "provider.kubernetes",
      "instances": [
        {
          "schema_version": 0,
          "attributes": {
            "binary_data": null,
            "data": {
              "mapRoles": "- rolearn: arn:aws:iam::287139315271:role/main20191013234709001500000001\n  username: system:node:{{EC2PrivateDNSName}}\n  groups:\n    - system:bootstrappers\n    - system:nodes\n"
            },
            "id": "kube-system/aws-auth",
            "metadata": [
              {
                "annotations": null,
                "generate_name": "",
                "generation": 0,
                "labels": null,
                "name": "aws-auth",
                "namespace": "kube-system",
                "resource_version": "629",
                "self_link": "/api/v1/namespaces/kube-system/configmaps/aws-auth",
                "uid": "1248f610-ee14-11e9-9f63-06f5f37ed448"
              }
            ]
          },
          "private": "bnVsbA==",
          "depends_on": [
            "module.eks"
          ]
        }
      ]
    },
    {
      "module": "module.eks",
      "mode": "managed",
      "type": "local_file",
      "name": "config_map_aws_auth",
      "each": "list",
      "provider": "provider.local",
      "instances": []
    },
    {
      "mode": "managed",
      "type": "local_file",
      "name": "kubeconfig",
      "provider": "provider.local",
      "instances": [
        {
          "schema_version": 0,
          "attributes": {
            "content": "apiVersion: v1\npreferences: {}\nkind: Config\n\nclusters:\n- cluster:\n    server: https://188EEE49BF15AB446E50268EE98A7217.sk1.ap-southeast-2.eks.amazonaws.com\n    certificate-authority-data: LS0tLS1CRUdJTiBDRVJUSUZJQ0FURS0tLS0tCk1JSUN5RENDQWJDZ0F3SUJBZ0lCQURBTkJna3Foa2lHOXcwQkFRc0ZBREFWTVJNd0VRWURWUVFERXdwcmRXSmwKY201bGRHVnpNQjRYRFRFNU1UQXhNekl6TkRNME1sb1hEVEk1TVRBeE1ESXpORE0wTWxvd0ZURVRNQkVHQTFVRQpBeE1LYTNWaVpYSnVaWFJsY3pDQ0FTSXdEUVlKS29aSWh2Y05BUUVCQlFBRGdnRVBBRENDQVFvQ2dnRUJBTkJFCk9JZUpLVTVWZWdUeGIrayt5cGtZcWtaZUUvQlp0eFczQUNRWERNam5wSDZGS283NTZuS3pUaVc5dXZiSnZyb2sKZDczRitsSFFyMjdWdXdTa0xZMHNsdkpDWWJoTmIzRTM0SGdHOXkrbkhGbjg1b1QvUmZEV2l1ZGI5SDYrK2J0MwpMM2xsVzR0VmowWE9uVUNlaXV1Tmx6bS9Ec3d4aDFBVXptVUVETkswbXVCcXErd2ZhWkt2RnkvUGN4Q0Z5Q250CkZ3bldjWTY0RkdVcVh1b0FWZ3BJaU56cHkxOWZjY2lTcDZ4ZVg5SW5ndnNFSURiUUhUYmtkM3k1WWtGNFoyM2sKTHowYXArd0IrUWRxTnFpbkdxMS9XalRJQ2VNdmg0eFA4RmVnWWhudzRhNDJZYm0ydEFKYWpUK3V4YkZmOTRBKwovZHppdWwzcEl6dUc3Wi9NblFzQ0F3RUFBYU1qTUNFd0RnWURWUjBQQVFIL0JBUURBZ0trTUE4R0ExVWRFd0VCCi93UUZNQU1CQWY4d0RRWUpLb1pJaHZjTkFRRUxCUUFEZ2dFQkFIem5lQlYxaUNMTjZoeStNYUFRb0F0L2xuYkIKUkx2cTlVUEdRSmZjUFRnenRIRDRjR2cveURpRVQ0emNIViswYlJiUHRhYnAyRXg5eFNFQkwxZXQ4SDRyUzhYMwpnTGx0d0x5bDVCbmNHSFZUQ0E4KzZYaTdPUHN1Z0VMeEFqZTJKMWZ4RnFhNUxScW9RMXUzcExSWWQza0tkN2RZCjlPSnYyb0dpOC9OMjhPOGYzQ0RVV0VuZUF3QjF4dGk5QWJXUkkzV2dDTVRja3RQVkREZkkrNHZLWnF0RFcwazEKYW9TUzNlQzVhcU9sMVBtY1B4T0ltWjBQUHpwbDFlL3Z3cURzUkx3SEg2V0c2VXg5a001L1NSWXgzeUpqb2svTgpTMVZjS0lzTGtHZ3pWN0dXY3ZGM0VQeEs4eVA2OTEvTmtaRmFEbjN1ZllFN3ZuSnRKV0E0Q2ltK2hWST0KLS0tLS1FTkQgQ0VSVElGSUNBVEUtLS0tLQo=\n  name: eks_main\n\ncontexts:\n- context:\n    cluster: eks_main\n    user: eks_main\n  name: eks_main\n\ncurrent-context: eks_main\n\nusers:\n- name: eks_main\n  user:\n    exec:\n      apiVersion: client.authentication.k8s.io/v1alpha1\n      command: aws-iam-authenticator\n      args:\n        - \"token\"\n        - \"-i\"\n        - \"main\"\n\n      env:\n        - name: AWS_PROFILE\n          value: personal\n\n",
            "content_base64": null,
            "directory_permission": "0777",
            "file_permission": "0777",
            "filename": "/Users/jspence2/.kube/config",
            "id": "e4259a7d4ca92a08c4be80e2f0f00b050249d124",
            "sensitive_content": null
          },
          "private": "bnVsbA==",
          "depends_on": [
            "module.eks"
          ]
        }
      ]
    },
    {
      "module": "module.eks",
      "mode": "managed",
      "type": "local_file",
      "name": "kubeconfig",
      "each": "list",
      "provider": "provider.local",
      "instances": []
    },
    {
      "module": "module.eks",
      "mode": "managed",
      "type": "null_resource",
      "name": "update_config_map_aws_auth",
      "each": "list",
      "provider": "provider.null",
      "instances": []
    },
    {
      "module": "module.eks",
      "mode": "managed",
      "type": "random_pet",
      "name": "workers",
      "each": "list",
      "provider": "provider.random",
      "instances": []
    },
    {
      "module": "module.eks",
      "mode": "managed",
      "type": "random_pet",
      "name": "workers_launch_template",
      "each": "list",
      "provider": "provider.random",
      "instances": [
        {
          "index_key": 0,
          "schema_version": 0,
          "attributes": {
            "id": "classic-bass",
            "keepers": {
              "lt_name": "main-020191013234919597500000007-1"
            },
            "length": 2,
            "prefix": null,
            "separator": "-"
          },
          "private": "bnVsbA==",
          "depends_on": [
            "aws_launch_template.workers_launch_template"
          ]
        }
      ]
    },
    {
      "mode": "managed",
      "type": "random_shuffle",
      "name": "aws_availability_zones",
      "provider": "provider.random",
      "instances": [
        {
          "schema_version": 0,
          "attributes": {
            "id": "-",
            "input": [
              "ap-southeast-2a",
              "ap-southeast-2b",
              "ap-southeast-2c"
            ],
            "keepers": null,
            "result": [
              "ap-southeast-2b",
              "ap-southeast-2a"
            ],
            "result_count": 2,
            "seed": null
          },
          "depends_on": [
            "data.aws_availability_zones.available"
          ]
        }
      ]
    }
  ]
}
