{
  "version": 4,
  "terraform_version": "0.12.3",
  "serial": 50,
  "lineage": "4a60ab5f-8bc3-2858-13ee-e5774e2a32a3",
  "outputs": {},
  "resources": [
    {
      "mode": "managed",
      "type": "aws_route53_record",
      "name": "dkim",
      "each": "list",
      "provider": "provider.aws",
      "instances": [
        {
          "index_key": 0,
          "schema_version": 2,
          "attributes": {
            "alias": null,
            "allow_overwrite": null,
            "failover_routing_policy": null,
            "fqdn": "google._domainkey.joshuaspence.com",
            "geolocation_routing_policy": null,
            "health_check_id": "",
            "id": "Z1SFL0VXBIY1JB_google._domainkey_TXT",
            "latency_routing_policy": null,
            "multivalue_answer_routing_policy": null,
            "name": "google._domainkey",
            "records": [
              "v=DKIM1; k=rsa; p=MIGfMA0GCSqGSIb3DQEBAQUAA4GNADCBiQKBgQC+NreQPu/w8G6yacO/UFBo8TA1sWhStJDtDkeelHymiNuDKTsq5zckGhrqxBjKOnVgDxE5rbdTL5ByS8bHnF0AgtXAKUkuNBfNpkUaud0hbW1qbVy7ijn629KKKJ/NzuoAUtO+EfJWoWeNfK/AT3Ipe84NyjolVmbPP66lm6vxFwIDAQAB"
            ],
            "set_identifier": "",
            "ttl": 3600,
            "type": "TXT",
            "weighted_routing_policy": null,
            "zone_id": "Z1SFL0VXBIY1JB"
          }
        },
        {
          "index_key": 1,
          "schema_version": 2,
          "attributes": {
            "alias": null,
            "allow_overwrite": null,
            "failover_routing_policy": null,
            "fqdn": "google._domainkey.joshuaspence.com.au",
            "geolocation_routing_policy": null,
            "health_check_id": "",
            "id": "Z29OQ54RWQRRP3_google._domainkey_TXT",
            "latency_routing_policy": null,
            "multivalue_answer_routing_policy": null,
            "name": "google._domainkey",
            "records": [
              "v=DKIM1; k=rsa; p=MIGfMA0GCSqGSIb3DQEBAQUAA4GNADCBiQKBgQCAjWainf+pFKnIfV50dzBD6xuxK5+mZSdZ0iWJ3nyf5TKhdnkiRn/6yvgVIqxLQUAZijNonliq6Sjw9ZSd9HWGJHWiMNXmOfjiqkCnLpZcPrVYPnG+YLhznNcF0/5Y3mRU4r/BCQlNz95k6Z88gJ7aX6t3zZr/VPekhasgWLztWQIDAQAB"
            ],
            "set_identifier": "",
            "ttl": 3600,
            "type": "TXT",
            "weighted_routing_policy": null,
            "zone_id": "Z29OQ54RWQRRP3"
          }
        }
      ]
    },
    {
      "mode": "managed",
      "type": "aws_route53_record",
      "name": "dmarc",
      "each": "list",
      "provider": "provider.aws",
      "instances": [
        {
          "index_key": 0,
          "schema_version": 2,
          "attributes": {
            "alias": [],
            "allow_overwrite": false,
            "failover_routing_policy": [],
            "fqdn": "_dmarc.joshuaspence.com",
            "geolocation_routing_policy": [],
            "health_check_id": "",
            "id": "Z1SFL0VXBIY1JB__dmarc_TXT",
            "latency_routing_policy": [],
            "multivalue_answer_routing_policy": null,
            "name": "_dmarc",
            "records": [
              "v=DMARC1; p=none; rua=mailto:d15bd919d737293@rep.dmarcanalyzer.com; ruf=mailto:d15bd919d737293@for.dmarcanalyzer.com; fo=1"
            ],
            "set_identifier": "",
            "ttl": 3600,
            "type": "TXT",
            "weighted_routing_policy": [],
            "zone_id": "Z1SFL0VXBIY1JB"
          },
          "private": "eyJzY2hlbWFfdmVyc2lvbiI6IjIifQ==",
          "depends_on": [
            "aws_route53_zone.main"
          ]
        },
        {
          "index_key": 1,
          "schema_version": 2,
          "attributes": {
            "alias": [],
            "allow_overwrite": false,
            "failover_routing_policy": [],
            "fqdn": "_dmarc.joshuaspence.com.au",
            "geolocation_routing_policy": [],
            "health_check_id": "",
            "id": "Z29OQ54RWQRRP3__dmarc_TXT",
            "latency_routing_policy": [],
            "multivalue_answer_routing_policy": null,
            "name": "_dmarc",
            "records": [
              "v=DMARC1; p=none; rua=mailto:d15bd919d737293@rep.dmarcanalyzer.com; ruf=mailto:d15bd919d737293@for.dmarcanalyzer.com; fo=1"
            ],
            "set_identifier": "",
            "ttl": 3600,
            "type": "TXT",
            "weighted_routing_policy": [],
            "zone_id": "Z29OQ54RWQRRP3"
          },
          "private": "eyJzY2hlbWFfdmVyc2lvbiI6IjIifQ==",
          "depends_on": [
            "aws_route53_zone.main"
          ]
        }
      ]
    },
    {
      "mode": "managed",
      "type": "aws_route53_record",
      "name": "google_site_verification",
      "each": "list",
      "provider": "provider.aws",
      "instances": [
        {
          "index_key": 0,
          "schema_version": 2,
          "attributes": {
            "alias": [],
            "allow_overwrite": null,
            "failover_routing_policy": [],
            "fqdn": "joshuaspence.com",
            "geolocation_routing_policy": [],
            "health_check_id": "",
            "id": "Z1SFL0VXBIY1JB__TXT",
            "latency_routing_policy": [],
            "multivalue_answer_routing_policy": null,
            "name": "",
            "records": [
              "google-site-verification=UsO1pcQY7tYt0o_pwtjUqIoKUkYCXSasOfSObBruaXM"
            ],
            "set_identifier": "",
            "ttl": 86400,
            "type": "TXT",
            "weighted_routing_policy": [],
            "zone_id": "Z1SFL0VXBIY1JB"
          },
          "depends_on": [
            "aws_route53_zone.joshuaspence_com"
          ]
        },
        {
          "index_key": 1,
          "schema_version": 2,
          "attributes": {
            "alias": [],
            "allow_overwrite": null,
            "failover_routing_policy": [],
            "fqdn": "joshuaspence.com.au",
            "geolocation_routing_policy": [],
            "health_check_id": "",
            "id": "Z29OQ54RWQRRP3__TXT",
            "latency_routing_policy": [],
            "multivalue_answer_routing_policy": null,
            "name": "",
            "records": [
              "google-site-verification=UsO1pcQY7tYt0o_pwtjUqIoKUkYCXSasOfSObBruaXM"
            ],
            "set_identifier": "",
            "ttl": 86400,
            "type": "TXT",
            "weighted_routing_policy": [],
            "zone_id": "Z29OQ54RWQRRP3"
          },
          "depends_on": [
            "aws_route53_zone.main"
          ]
        }
      ]
    },
    {
      "mode": "managed",
      "type": "aws_route53_record",
      "name": "mx",
      "each": "list",
      "provider": "provider.aws",
      "instances": [
        {
          "index_key": 0,
          "schema_version": 2,
          "attributes": {
            "alias": [],
            "allow_overwrite": null,
            "failover_routing_policy": [],
            "fqdn": "joshuaspence.com",
            "geolocation_routing_policy": [],
            "health_check_id": "",
            "id": "Z1SFL0VXBIY1JB__MX",
            "latency_routing_policy": [],
            "multivalue_answer_routing_policy": null,
            "name": "",
            "records": [
              "1 aspmx.l.google.com.",
              "10 aspmx2.googlemail.com.",
              "10 aspmx3.googlemail.com.",
              "5 alt1.aspmx.l.google.com.",
              "5 alt2.aspmx.l.google.com."
            ],
            "set_identifier": "",
            "ttl": 3600,
            "type": "MX",
            "weighted_routing_policy": [],
            "zone_id": "Z1SFL0VXBIY1JB"
          },
          "depends_on": [
            "aws_route53_zone.main"
          ]
        },
        {
          "index_key": 1,
          "schema_version": 2,
          "attributes": {
            "alias": [],
            "allow_overwrite": null,
            "failover_routing_policy": [],
            "fqdn": "joshuaspence.com.au",
            "geolocation_routing_policy": [],
            "health_check_id": "",
            "id": "Z29OQ54RWQRRP3__MX",
            "latency_routing_policy": [],
            "multivalue_answer_routing_policy": null,
            "name": "",
            "records": [
              "1 aspmx.l.google.com.",
              "10 aspmx2.googlemail.com.",
              "10 aspmx3.googlemail.com.",
              "5 alt1.aspmx.l.google.com.",
              "5 alt2.aspmx.l.google.com."
            ],
            "set_identifier": "",
            "ttl": 3600,
            "type": "MX",
            "weighted_routing_policy": [],
            "zone_id": "Z29OQ54RWQRRP3"
          },
          "depends_on": [
            "aws_route53_zone.main"
          ]
        }
      ]
    },
    {
      "mode": "managed",
      "type": "aws_route53_record",
      "name": "spf",
      "each": "list",
      "provider": "provider.aws",
      "instances": [
        {
          "index_key": 0,
          "schema_version": 2,
          "attributes": {
            "alias": [],
            "allow_overwrite": null,
            "failover_routing_policy": [],
            "fqdn": "joshuaspence.com",
            "geolocation_routing_policy": [],
            "health_check_id": "",
            "id": "Z1SFL0VXBIY1JB__SPF",
            "latency_routing_policy": [],
            "multivalue_answer_routing_policy": null,
            "name": "",
            "records": [
              "v=spf1 include:_spf.google.com ~all"
            ],
            "set_identifier": "",
            "ttl": 3600,
            "type": "SPF",
            "weighted_routing_policy": [],
            "zone_id": "Z1SFL0VXBIY1JB"
          },
          "depends_on": [
            "aws_route53_zone.main"
          ]
        },
        {
          "index_key": 1,
          "schema_version": 2,
          "attributes": {
            "alias": [],
            "allow_overwrite": null,
            "failover_routing_policy": [],
            "fqdn": "joshuaspence.com.au",
            "geolocation_routing_policy": [],
            "health_check_id": "",
            "id": "Z29OQ54RWQRRP3__SPF",
            "latency_routing_policy": [],
            "multivalue_answer_routing_policy": null,
            "name": "",
            "records": [
              "v=spf1 include:_spf.google.com ~all"
            ],
            "set_identifier": "",
            "ttl": 3600,
            "type": "SPF",
            "weighted_routing_policy": [],
            "zone_id": "Z29OQ54RWQRRP3"
          },
          "depends_on": [
            "aws_route53_zone.main"
          ]
        }
      ]
    },
    {
      "mode": "managed",
      "type": "aws_route53_zone",
      "name": "main",
      "each": "list",
      "provider": "provider.aws",
      "instances": [
        {
          "index_key": 0,
          "schema_version": 0,
          "attributes": {
            "comment": "Managed by Terraform",
            "delegation_set_id": "",
            "force_destroy": null,
            "id": "Z1SFL0VXBIY1JB",
            "name": "joshuaspence.com.",
            "name_servers": [
              "ns-1118.awsdns-11.org",
              "ns-1755.awsdns-27.co.uk",
              "ns-399.awsdns-49.com",
              "ns-836.awsdns-40.net"
            ],
            "tags": {},
            "vpc": [],
            "vpc_id": null,
            "vpc_region": null,
            "zone_id": "Z1SFL0VXBIY1JB"
          }
        },
        {
          "index_key": 1,
          "schema_version": 0,
          "attributes": {
            "comment": "Managed by Terraform",
            "delegation_set_id": "",
            "force_destroy": false,
            "id": "Z29OQ54RWQRRP3",
            "name": "joshuaspence.com.au.",
            "name_servers": [
              "ns-1283.awsdns-32.org",
              "ns-1562.awsdns-03.co.uk",
              "ns-440.awsdns-55.com",
              "ns-731.awsdns-27.net"
            ],
            "tags": {},
            "vpc": [],
            "vpc_id": null,
            "vpc_region": null,
            "zone_id": "Z29OQ54RWQRRP3"
          }
        }
      ]
    }
  ]
}
